// !$*UTF8*$!
{
	archiveVersion = 1;
	classes = {
	};
	objectVersion = 50;
	objects = {

/* Begin PBXBuildFile section */
		0A6349E02270B08D00C0D0B0 /* AppDelegate.m in Sources */ = {isa = PBXBuildFile; fileRef = 0A6349DF2270B08D00C0D0B0 /* AppDelegate.m */; };
		0A6349E32270B08D00C0D0B0 /* ViewController.m in Sources */ = {isa = PBXBuildFile; fileRef = 0A6349E22270B08D00C0D0B0 /* ViewController.m */; };
		0A6349E62270B08D00C0D0B0 /* Main.storyboard in Resources */ = {isa = PBXBuildFile; fileRef = 0A6349E42270B08D00C0D0B0 /* Main.storyboard */; };
		0A6349E82270B08E00C0D0B0 /* Assets.xcassets in Resources */ = {isa = PBXBuildFile; fileRef = 0A6349E72270B08E00C0D0B0 /* Assets.xcassets */; };
		0A6349EB2270B08E00C0D0B0 /* LaunchScreen.storyboard in Resources */ = {isa = PBXBuildFile; fileRef = 0A6349E92270B08E00C0D0B0 /* LaunchScreen.storyboard */; };
		0A6349EE2270B08E00C0D0B0 /* main.m in Sources */ = {isa = PBXBuildFile; fileRef = 0A6349ED2270B08E00C0D0B0 /* main.m */; };
		0A634AEF2270BD1900C0D0B0 /* AppDelegate.swift in Sources */ = {isa = PBXBuildFile; fileRef = 0A634AEE2270BD1900C0D0B0 /* AppDelegate.swift */; };
		0A634AF12270BD1900C0D0B0 /* ViewController.swift in Sources */ = {isa = PBXBuildFile; fileRef = 0A634AF02270BD1900C0D0B0 /* ViewController.swift */; };
		0A634AF42270BD1900C0D0B0 /* Main.storyboard in Resources */ = {isa = PBXBuildFile; fileRef = 0A634AF22270BD1900C0D0B0 /* Main.storyboard */; };
		0A634AF62270BD1A00C0D0B0 /* Assets.xcassets in Resources */ = {isa = PBXBuildFile; fileRef = 0A634AF52270BD1A00C0D0B0 /* Assets.xcassets */; };
		0A634AF92270BD1A00C0D0B0 /* LaunchScreen.storyboard in Resources */ = {isa = PBXBuildFile; fileRef = 0A634AF72270BD1A00C0D0B0 /* LaunchScreen.storyboard */; };
		0A634B1C2270BE2A00C0D0B0 /* ViewController.m in Sources */ = {isa = PBXBuildFile; fileRef = 0A6349E22270B08D00C0D0B0 /* ViewController.m */; };
		0A634B1D2270BE2A00C0D0B0 /* main.m in Sources */ = {isa = PBXBuildFile; fileRef = 0A6349ED2270B08E00C0D0B0 /* main.m */; };
		0A634B1E2270BE2A00C0D0B0 /* AppDelegate.m in Sources */ = {isa = PBXBuildFile; fileRef = 0A6349DF2270B08D00C0D0B0 /* AppDelegate.m */; };
		0A634B212270BE2A00C0D0B0 /* LaunchScreen.storyboard in Resources */ = {isa = PBXBuildFile; fileRef = 0A6349E92270B08E00C0D0B0 /* LaunchScreen.storyboard */; };
		0A634B232270BE2A00C0D0B0 /* Main.storyboard in Resources */ = {isa = PBXBuildFile; fileRef = 0A6349E42270B08D00C0D0B0 /* Main.storyboard */; };
		0A634B2C2270C8C200C0D0B0 /* Assets.xcassets in Resources */ = {isa = PBXBuildFile; fileRef = 0A6349E72270B08E00C0D0B0 /* Assets.xcassets */; };
		0ABB2611227755CD00397661 /* KKBaseViewController.swift in Sources */ = {isa = PBXBuildFile; fileRef = 0ABB2610227755CD00397661 /* KKBaseViewController.swift */; };
		0ABB26132277560400397661 /* KKHomeViewController.swift in Sources */ = {isa = PBXBuildFile; fileRef = 0ABB26122277560400397661 /* KKHomeViewController.swift */; };
		0ABB26152277565800397661 /* KKTabBarController.swift in Sources */ = {isa = PBXBuildFile; fileRef = 0ABB26142277565800397661 /* KKTabBarController.swift */; };
		0AC12B6D2279EE5900CF94ED /* UITextField+KKEasyReact.m in Sources */ = {isa = PBXBuildFile; fileRef = 0AC12B6C2279EE5900CF94ED /* UITextField+KKEasyReact.m */; };
		0AC12B882279F1BC00CF94ED /* KKHomeViewController.m in Sources */ = {isa = PBXBuildFile; fileRef = 0AC12B812279F1BB00CF94ED /* KKHomeViewController.m */; };
		0AC12B892279F1BC00CF94ED /* KKHomeViewController.m in Sources */ = {isa = PBXBuildFile; fileRef = 0AC12B812279F1BB00CF94ED /* KKHomeViewController.m */; };
		0AC12B8A2279F1BC00CF94ED /* KKTabBarController.m in Sources */ = {isa = PBXBuildFile; fileRef = 0AC12B832279F1BB00CF94ED /* KKTabBarController.m */; };
		0AC12B8B2279F1BC00CF94ED /* KKTabBarController.m in Sources */ = {isa = PBXBuildFile; fileRef = 0AC12B832279F1BB00CF94ED /* KKTabBarController.m */; };
		0AC12B8C2279F1BC00CF94ED /* KKProfileViewController.m in Sources */ = {isa = PBXBuildFile; fileRef = 0AC12B842279F1BB00CF94ED /* KKProfileViewController.m */; };
		0AC12B8D2279F1BC00CF94ED /* KKProfileViewController.m in Sources */ = {isa = PBXBuildFile; fileRef = 0AC12B842279F1BB00CF94ED /* KKProfileViewController.m */; };
		0AC12B8E2279F1BC00CF94ED /* KKLanuchViewController.m in Sources */ = {isa = PBXBuildFile; fileRef = 0AC12B852279F1BB00CF94ED /* KKLanuchViewController.m */; };
		0AC12B8F2279F1BC00CF94ED /* KKLanuchViewController.m in Sources */ = {isa = PBXBuildFile; fileRef = 0AC12B852279F1BB00CF94ED /* KKLanuchViewController.m */; };
		0AC12B9B2279FAE400CF94ED /* KKErrorHelper.m in Sources */ = {isa = PBXBuildFile; fileRef = 0AC12B992279FAE400CF94ED /* KKErrorHelper.m */; };
		0AC12B9C2279FAE400CF94ED /* KKErrorHelper.m in Sources */ = {isa = PBXBuildFile; fileRef = 0AC12B992279FAE400CF94ED /* KKErrorHelper.m */; };
		0AC12B9F2279FCA700CF94ED /* KKLoginViewController.m in Sources */ = {isa = PBXBuildFile; fileRef = 0AC12B9E2279FCA700CF94ED /* KKLoginViewController.m */; };
		0AC12BA02279FCA700CF94ED /* KKLoginViewController.m in Sources */ = {isa = PBXBuildFile; fileRef = 0AC12B9E2279FCA700CF94ED /* KKLoginViewController.m */; };
		0AC12BA5227A029300CF94ED /* KKAccountHelper.m in Sources */ = {isa = PBXBuildFile; fileRef = 0AC12BA4227A029300CF94ED /* KKAccountHelper.m */; };
		0AC12BA6227A029300CF94ED /* KKAccountHelper.m in Sources */ = {isa = PBXBuildFile; fileRef = 0AC12BA4227A029300CF94ED /* KKAccountHelper.m */; };
		0AC12BEF227A107200CF94ED /* KKTextField.m in Sources */ = {isa = PBXBuildFile; fileRef = 0AC12BA9227A107100CF94ED /* KKTextField.m */; };
		0AC12BF0227A107200CF94ED /* KKTextField.m in Sources */ = {isa = PBXBuildFile; fileRef = 0AC12BA9227A107100CF94ED /* KKTextField.m */; };
		0AC12BF1227A107200CF94ED /* KKButton.m in Sources */ = {isa = PBXBuildFile; fileRef = 0AC12BAA227A107100CF94ED /* KKButton.m */; };
		0AC12BF2227A107200CF94ED /* KKButton.m in Sources */ = {isa = PBXBuildFile; fileRef = 0AC12BAA227A107100CF94ED /* KKButton.m */; };
		0AC12BF3227A107200CF94ED /* KKTableViewHeaderFooterView.m in Sources */ = {isa = PBXBuildFile; fileRef = 0AC12BAB227A107100CF94ED /* KKTableViewHeaderFooterView.m */; };
		0AC12BF4227A107200CF94ED /* KKTableViewHeaderFooterView.m in Sources */ = {isa = PBXBuildFile; fileRef = 0AC12BAB227A107100CF94ED /* KKTableViewHeaderFooterView.m */; };
		0AC12BF5227A107200CF94ED /* KKCollectionViewCell.m in Sources */ = {isa = PBXBuildFile; fileRef = 0AC12BAC227A107100CF94ED /* KKCollectionViewCell.m */; };
		0AC12BF6227A107200CF94ED /* KKCollectionViewCell.m in Sources */ = {isa = PBXBuildFile; fileRef = 0AC12BAC227A107100CF94ED /* KKCollectionViewCell.m */; };
		0AC12BF7227A107200CF94ED /* KKView.m in Sources */ = {isa = PBXBuildFile; fileRef = 0AC12BAE227A107100CF94ED /* KKView.m */; };
		0AC12BF8227A107200CF94ED /* KKView.m in Sources */ = {isa = PBXBuildFile; fileRef = 0AC12BAE227A107100CF94ED /* KKView.m */; };
		0AC12BF9227A107200CF94ED /* KKModel.m in Sources */ = {isa = PBXBuildFile; fileRef = 0AC12BAF227A107100CF94ED /* KKModel.m */; };
		0AC12BFA227A107200CF94ED /* KKModel.m in Sources */ = {isa = PBXBuildFile; fileRef = 0AC12BAF227A107100CF94ED /* KKModel.m */; };
		0AC12BFB227A107200CF94ED /* UITabBarController+KKAdd.m in Sources */ = {isa = PBXBuildFile; fileRef = 0AC12BB0227A107100CF94ED /* UITabBarController+KKAdd.m */; };
		0AC12BFC227A107200CF94ED /* UITabBarController+KKAdd.m in Sources */ = {isa = PBXBuildFile; fileRef = 0AC12BB0227A107100CF94ED /* UITabBarController+KKAdd.m */; };
		0AC12BFD227A107200CF94ED /* KKLayout.m in Sources */ = {isa = PBXBuildFile; fileRef = 0AC12BB4227A107100CF94ED /* KKLayout.m */; };
		0AC12BFE227A107200CF94ED /* KKLayout.m in Sources */ = {isa = PBXBuildFile; fileRef = 0AC12BB4227A107100CF94ED /* KKLayout.m */; };
		0AC12BFF227A107200CF94ED /* KKUIKit.m in Sources */ = {isa = PBXBuildFile; fileRef = 0AC12BB8227A107100CF94ED /* KKUIKit.m */; };
		0AC12C00227A107200CF94ED /* KKUIKit.m in Sources */ = {isa = PBXBuildFile; fileRef = 0AC12BB8227A107100CF94ED /* KKUIKit.m */; };
		0AC12C01227A107200CF94ED /* KKCollectionReusableView.m in Sources */ = {isa = PBXBuildFile; fileRef = 0AC12BBA227A107100CF94ED /* KKCollectionReusableView.m */; };
		0AC12C02227A107200CF94ED /* KKCollectionReusableView.m in Sources */ = {isa = PBXBuildFile; fileRef = 0AC12BBA227A107100CF94ED /* KKCollectionReusableView.m */; };
		0AC12C03227A107200CF94ED /* KKViewModel.m in Sources */ = {isa = PBXBuildFile; fileRef = 0AC12BBF227A107100CF94ED /* KKViewModel.m */; };
		0AC12C04227A107200CF94ED /* KKViewModel.m in Sources */ = {isa = PBXBuildFile; fileRef = 0AC12BBF227A107100CF94ED /* KKViewModel.m */; };
		0AC12C05227A107200CF94ED /* KKLabel.m in Sources */ = {isa = PBXBuildFile; fileRef = 0AC12BC6227A107100CF94ED /* KKLabel.m */; };
		0AC12C06227A107200CF94ED /* KKLabel.m in Sources */ = {isa = PBXBuildFile; fileRef = 0AC12BC6227A107100CF94ED /* KKLabel.m */; };
		0AC12C07227A107200CF94ED /* KKCollectionView.m in Sources */ = {isa = PBXBuildFile; fileRef = 0AC12BC8227A107100CF94ED /* KKCollectionView.m */; };
		0AC12C08227A107200CF94ED /* KKCollectionView.m in Sources */ = {isa = PBXBuildFile; fileRef = 0AC12BC8227A107100CF94ED /* KKCollectionView.m */; };
		0AC12C09227A107200CF94ED /* KKTableViewCell.m in Sources */ = {isa = PBXBuildFile; fileRef = 0AC12BCB227A107100CF94ED /* KKTableViewCell.m */; };
		0AC12C0A227A107200CF94ED /* KKTableViewCell.m in Sources */ = {isa = PBXBuildFile; fileRef = 0AC12BCB227A107100CF94ED /* KKTableViewCell.m */; };
		0AC12C0B227A107200CF94ED /* UIScrollView+KKNavigationBar.m in Sources */ = {isa = PBXBuildFile; fileRef = 0AC12BCE227A107100CF94ED /* UIScrollView+KKNavigationBar.m */; };
		0AC12C0C227A107200CF94ED /* UIScrollView+KKNavigationBar.m in Sources */ = {isa = PBXBuildFile; fileRef = 0AC12BCE227A107100CF94ED /* UIScrollView+KKNavigationBar.m */; };
		0AC12C0D227A107200CF94ED /* UINavigationController+KKNavigationBar.m in Sources */ = {isa = PBXBuildFile; fileRef = 0AC12BD1227A107100CF94ED /* UINavigationController+KKNavigationBar.m */; };
		0AC12C0E227A107200CF94ED /* UINavigationController+KKNavigationBar.m in Sources */ = {isa = PBXBuildFile; fileRef = 0AC12BD1227A107100CF94ED /* UINavigationController+KKNavigationBar.m */; };
		0AC12C0F227A107200CF94ED /* UINavigationItem+KKNavigationBar.m in Sources */ = {isa = PBXBuildFile; fileRef = 0AC12BD3227A107100CF94ED /* UINavigationItem+KKNavigationBar.m */; };
		0AC12C10227A107200CF94ED /* UINavigationItem+KKNavigationBar.m in Sources */ = {isa = PBXBuildFile; fileRef = 0AC12BD3227A107100CF94ED /* UINavigationItem+KKNavigationBar.m */; };
		0AC12C11227A107200CF94ED /* UIViewController+KKNavigationBar.m in Sources */ = {isa = PBXBuildFile; fileRef = 0AC12BD5227A107100CF94ED /* UIViewController+KKNavigationBar.m */; };
		0AC12C12227A107200CF94ED /* UIViewController+KKNavigationBar.m in Sources */ = {isa = PBXBuildFile; fileRef = 0AC12BD5227A107100CF94ED /* UIViewController+KKNavigationBar.m */; };
		0AC12C13227A107200CF94ED /* UIBarButtonItem+KKNavigationBar.m in Sources */ = {isa = PBXBuildFile; fileRef = 0AC12BD6227A107100CF94ED /* UIBarButtonItem+KKNavigationBar.m */; };
		0AC12C14227A107200CF94ED /* UIBarButtonItem+KKNavigationBar.m in Sources */ = {isa = PBXBuildFile; fileRef = 0AC12BD6227A107100CF94ED /* UIBarButtonItem+KKNavigationBar.m */; };
		0AC12C15227A107200CF94ED /* KKPushPopTransitionProtocol.m in Sources */ = {isa = PBXBuildFile; fileRef = 0AC12BDC227A107100CF94ED /* KKPushPopTransitionProtocol.m */; };
		0AC12C16227A107200CF94ED /* KKPushPopTransitionProtocol.m in Sources */ = {isa = PBXBuildFile; fileRef = 0AC12BDC227A107100CF94ED /* KKPushPopTransitionProtocol.m */; };
		0AC12C17227A107200CF94ED /* KKPopTransitionAnimation.m in Sources */ = {isa = PBXBuildFile; fileRef = 0AC12BDD227A107100CF94ED /* KKPopTransitionAnimation.m */; };
		0AC12C18227A107200CF94ED /* KKPopTransitionAnimation.m in Sources */ = {isa = PBXBuildFile; fileRef = 0AC12BDD227A107100CF94ED /* KKPopTransitionAnimation.m */; };
		0AC12C19227A107200CF94ED /* KKPushTransitionAnimation.m in Sources */ = {isa = PBXBuildFile; fileRef = 0AC12BDE227A107100CF94ED /* KKPushTransitionAnimation.m */; };
		0AC12C1A227A107200CF94ED /* KKPushTransitionAnimation.m in Sources */ = {isa = PBXBuildFile; fileRef = 0AC12BDE227A107100CF94ED /* KKPushTransitionAnimation.m */; };
		0AC12C1B227A107200CF94ED /* KKViewController.m in Sources */ = {isa = PBXBuildFile; fileRef = 0AC12BE2227A107100CF94ED /* KKViewController.m */; };
		0AC12C1C227A107200CF94ED /* KKViewController.m in Sources */ = {isa = PBXBuildFile; fileRef = 0AC12BE2227A107100CF94ED /* KKViewController.m */; };
		0AC12C1D227A107200CF94ED /* KKNavigationBarHelper.m in Sources */ = {isa = PBXBuildFile; fileRef = 0AC12BE6227A107100CF94ED /* KKNavigationBarHelper.m */; };
		0AC12C1E227A107200CF94ED /* KKNavigationBarHelper.m in Sources */ = {isa = PBXBuildFile; fileRef = 0AC12BE6227A107100CF94ED /* KKNavigationBarHelper.m */; };
		0AC12C1F227A107200CF94ED /* KKNavigationBar.bundle in Resources */ = {isa = PBXBuildFile; fileRef = 0AC12BE9227A107100CF94ED /* KKNavigationBar.bundle */; };
		0AC12C20227A107200CF94ED /* KKNavigationBar.bundle in Resources */ = {isa = PBXBuildFile; fileRef = 0AC12BE9227A107100CF94ED /* KKNavigationBar.bundle */; };
		0AC12C21227A107200CF94ED /* KKNavigationBar.m in Sources */ = {isa = PBXBuildFile; fileRef = 0AC12BEA227A107100CF94ED /* KKNavigationBar.m */; };
		0AC12C22227A107200CF94ED /* KKNavigationBar.m in Sources */ = {isa = PBXBuildFile; fileRef = 0AC12BEA227A107100CF94ED /* KKNavigationBar.m */; };
		0AC12C23227A107200CF94ED /* KKTableView.m in Sources */ = {isa = PBXBuildFile; fileRef = 0AC12BEC227A107100CF94ED /* KKTableView.m */; };
		0AC12C24227A107200CF94ED /* KKTableView.m in Sources */ = {isa = PBXBuildFile; fileRef = 0AC12BEC227A107100CF94ED /* KKTableView.m */; };
		0AC12C28227A126100CF94ED /* YYTextLinePositionModifier.m in Sources */ = {isa = PBXBuildFile; fileRef = 0AC12C27227A126100CF94ED /* YYTextLinePositionModifier.m */; };
		0AC12C29227A126100CF94ED /* YYTextLinePositionModifier.m in Sources */ = {isa = PBXBuildFile; fileRef = 0AC12C27227A126100CF94ED /* YYTextLinePositionModifier.m */; };
		0AC12C2C227A13ED00CF94ED /* UIView+KKPlaceHolder.m in Sources */ = {isa = PBXBuildFile; fileRef = 0AC12C2B227A13ED00CF94ED /* UIView+KKPlaceHolder.m */; };
		0AC12C2D227A13ED00CF94ED /* UIView+KKPlaceHolder.m in Sources */ = {isa = PBXBuildFile; fileRef = 0AC12C2B227A13ED00CF94ED /* UIView+KKPlaceHolder.m */; };
		0AC12C30227A62F300CF94ED /* KKLoadingPlaceHolderView.m in Sources */ = {isa = PBXBuildFile; fileRef = 0AC12C2F227A62F300CF94ED /* KKLoadingPlaceHolderView.m */; };
		0AC12C31227A62F300CF94ED /* KKLoadingPlaceHolderView.m in Sources */ = {isa = PBXBuildFile; fileRef = 0AC12C2F227A62F300CF94ED /* KKLoadingPlaceHolderView.m */; };
		0AC12C35227A659000CF94ED /* UIScrollView+EmptyDataSet.m in Sources */ = {isa = PBXBuildFile; fileRef = 0AC12C33227A658F00CF94ED /* UIScrollView+EmptyDataSet.m */; };
		0AC12C36227A659000CF94ED /* UIScrollView+EmptyDataSet.m in Sources */ = {isa = PBXBuildFile; fileRef = 0AC12C33227A658F00CF94ED /* UIScrollView+EmptyDataSet.m */; };
		9347CF682278430400BC7AAC /* InfoPlist.strings in Resources */ = {isa = PBXBuildFile; fileRef = 9347CF6A2278430400BC7AAC /* InfoPlist.strings */; };
		9347CF6E2278482100BC7AAC /* KKProject-Objc-InfoPlist.strings in Resources */ = {isa = PBXBuildFile; fileRef = 9347CF702278482100BC7AAC /* KKProject-Objc-InfoPlist.strings */; };
		C0E3CDB08138B2ABB9393EE9 /* libPods-KKProject.a in Frameworks */ = {isa = PBXBuildFile; fileRef = 822D98E7F2EC6A41977A257D /* libPods-KKProject.a */; };
		D7AC4836AD8C04CADEE5272E /* Pods_KKProject_Swift.framework in Frameworks */ = {isa = PBXBuildFile; fileRef = 8C8493C3BAEB9B29D9D5C455 /* Pods_KKProject_Swift.framework */; };
		DAB117A6C4ABC672D923BBD8 /* libPods-KKProject_Objc.a in Frameworks */ = {isa = PBXBuildFile; fileRef = F8FA44D9FB83B89B51C33862 /* libPods-KKProject_Objc.a */; };
/* End PBXBuildFile section */

/* Begin PBXFileReference section */
		0A6349DB2270B08D00C0D0B0 /* KKProject.app */ = {isa = PBXFileReference; explicitFileType = wrapper.application; includeInIndex = 0; path = KKProject.app; sourceTree = BUILT_PRODUCTS_DIR; };
		0A6349DE2270B08D00C0D0B0 /* AppDelegate.h */ = {isa = PBXFileReference; lastKnownFileType = sourcecode.c.h; path = AppDelegate.h; sourceTree = "<group>"; };
		0A6349DF2270B08D00C0D0B0 /* AppDelegate.m */ = {isa = PBXFileReference; lastKnownFileType = sourcecode.c.objc; path = AppDelegate.m; sourceTree = "<group>"; };
		0A6349E12270B08D00C0D0B0 /* ViewController.h */ = {isa = PBXFileReference; lastKnownFileType = sourcecode.c.h; path = ViewController.h; sourceTree = "<group>"; };
		0A6349E22270B08D00C0D0B0 /* ViewController.m */ = {isa = PBXFileReference; lastKnownFileType = sourcecode.c.objc; path = ViewController.m; sourceTree = "<group>"; };
		0A6349E52270B08D00C0D0B0 /* Base */ = {isa = PBXFileReference; lastKnownFileType = file.storyboard; name = Base; path = Base.lproj/Main.storyboard; sourceTree = "<group>"; };
		0A6349E72270B08E00C0D0B0 /* Assets.xcassets */ = {isa = PBXFileReference; lastKnownFileType = folder.assetcatalog; path = Assets.xcassets; sourceTree = "<group>"; };
		0A6349EA2270B08E00C0D0B0 /* Base */ = {isa = PBXFileReference; lastKnownFileType = file.storyboard; name = Base; path = Base.lproj/LaunchScreen.storyboard; sourceTree = "<group>"; };
		0A6349ED2270B08E00C0D0B0 /* main.m */ = {isa = PBXFileReference; lastKnownFileType = sourcecode.c.objc; path = main.m; sourceTree = "<group>"; };
		0A634AEC2270BD1900C0D0B0 /* KKProject_Swift.app */ = {isa = PBXFileReference; explicitFileType = wrapper.application; includeInIndex = 0; path = KKProject_Swift.app; sourceTree = BUILT_PRODUCTS_DIR; };
		0A634AEE2270BD1900C0D0B0 /* AppDelegate.swift */ = {isa = PBXFileReference; lastKnownFileType = sourcecode.swift; path = AppDelegate.swift; sourceTree = "<group>"; };
		0A634AF02270BD1900C0D0B0 /* ViewController.swift */ = {isa = PBXFileReference; lastKnownFileType = sourcecode.swift; path = ViewController.swift; sourceTree = "<group>"; };
		0A634AF32270BD1900C0D0B0 /* Base */ = {isa = PBXFileReference; lastKnownFileType = file.storyboard; name = Base; path = Base.lproj/Main.storyboard; sourceTree = "<group>"; };
		0A634AF52270BD1A00C0D0B0 /* Assets.xcassets */ = {isa = PBXFileReference; lastKnownFileType = folder.assetcatalog; path = Assets.xcassets; sourceTree = "<group>"; };
		0A634AF82270BD1A00C0D0B0 /* Base */ = {isa = PBXFileReference; lastKnownFileType = file.storyboard; name = Base; path = Base.lproj/LaunchScreen.storyboard; sourceTree = "<group>"; };
		0A634AFA2270BD1A00C0D0B0 /* Info.plist */ = {isa = PBXFileReference; lastKnownFileType = text.plist.xml; path = Info.plist; sourceTree = "<group>"; };
		0A634B272270BE2A00C0D0B0 /* KKProject_Objc.app */ = {isa = PBXFileReference; explicitFileType = wrapper.application; includeInIndex = 0; path = KKProject_Objc.app; sourceTree = BUILT_PRODUCTS_DIR; };
		0A634B292270C02300C0D0B0 /* KKProject-Objc-Info.plist */ = {isa = PBXFileReference; fileEncoding = 4; lastKnownFileType = text.plist.xml; path = "KKProject-Objc-Info.plist"; sourceTree = "<group>"; };
		0A634B2B2270C2F100C0D0B0 /* KKProjectMacros.h */ = {isa = PBXFileReference; lastKnownFileType = sourcecode.c.h; path = KKProjectMacros.h; sourceTree = "<group>"; };
		0ABB2610227755CD00397661 /* KKBaseViewController.swift */ = {isa = PBXFileReference; lastKnownFileType = sourcecode.swift; path = KKBaseViewController.swift; sourceTree = "<group>"; };
		0ABB26122277560400397661 /* KKHomeViewController.swift */ = {isa = PBXFileReference; lastKnownFileType = sourcecode.swift; path = KKHomeViewController.swift; sourceTree = "<group>"; };
		0ABB26142277565800397661 /* KKTabBarController.swift */ = {isa = PBXFileReference; lastKnownFileType = sourcecode.swift; path = KKTabBarController.swift; sourceTree = "<group>"; };
		0AC12B632279E7F300CF94ED /* KKProjectHeader.h */ = {isa = PBXFileReference; lastKnownFileType = sourcecode.c.h; path = KKProjectHeader.h; sourceTree = "<group>"; };
		0AC12B642279E81300CF94ED /* KKProjectObjcHeader.h */ = {isa = PBXFileReference; lastKnownFileType = sourcecode.c.h; path = KKProjectObjcHeader.h; sourceTree = "<group>"; };
		0AC12B6B2279EE5900CF94ED /* UITextField+KKEasyReact.h */ = {isa = PBXFileReference; fileEncoding = 4; lastKnownFileType = sourcecode.c.h; path = "UITextField+KKEasyReact.h"; sourceTree = "<group>"; };
		0AC12B6C2279EE5900CF94ED /* UITextField+KKEasyReact.m */ = {isa = PBXFileReference; fileEncoding = 4; lastKnownFileType = sourcecode.c.objc; path = "UITextField+KKEasyReact.m"; sourceTree = "<group>"; };
		0AC12B6E2279F02500CF94ED /* EasyReactKKAdd.h */ = {isa = PBXFileReference; lastKnownFileType = sourcecode.c.h; path = EasyReactKKAdd.h; sourceTree = "<group>"; };
		0AC12B802279F1BB00CF94ED /* KKLanuchViewController.h */ = {isa = PBXFileReference; fileEncoding = 4; lastKnownFileType = sourcecode.c.h; path = KKLanuchViewController.h; sourceTree = "<group>"; };
		0AC12B812279F1BB00CF94ED /* KKHomeViewController.m */ = {isa = PBXFileReference; fileEncoding = 4; lastKnownFileType = sourcecode.c.objc; path = KKHomeViewController.m; sourceTree = "<group>"; };
		0AC12B822279F1BB00CF94ED /* KKHomeViewController.h */ = {isa = PBXFileReference; fileEncoding = 4; lastKnownFileType = sourcecode.c.h; path = KKHomeViewController.h; sourceTree = "<group>"; };
		0AC12B832279F1BB00CF94ED /* KKTabBarController.m */ = {isa = PBXFileReference; fileEncoding = 4; lastKnownFileType = sourcecode.c.objc; path = KKTabBarController.m; sourceTree = "<group>"; };
		0AC12B842279F1BB00CF94ED /* KKProfileViewController.m */ = {isa = PBXFileReference; fileEncoding = 4; lastKnownFileType = sourcecode.c.objc; path = KKProfileViewController.m; sourceTree = "<group>"; };
		0AC12B852279F1BB00CF94ED /* KKLanuchViewController.m */ = {isa = PBXFileReference; fileEncoding = 4; lastKnownFileType = sourcecode.c.objc; path = KKLanuchViewController.m; sourceTree = "<group>"; };
		0AC12B862279F1BB00CF94ED /* KKProfileViewController.h */ = {isa = PBXFileReference; fileEncoding = 4; lastKnownFileType = sourcecode.c.h; path = KKProfileViewController.h; sourceTree = "<group>"; };
		0AC12B872279F1BB00CF94ED /* KKTabBarController.h */ = {isa = PBXFileReference; fileEncoding = 4; lastKnownFileType = sourcecode.c.h; path = KKTabBarController.h; sourceTree = "<group>"; };
		0AC12B992279FAE400CF94ED /* KKErrorHelper.m */ = {isa = PBXFileReference; fileEncoding = 4; lastKnownFileType = sourcecode.c.objc; path = KKErrorHelper.m; sourceTree = "<group>"; };
		0AC12B9A2279FAE400CF94ED /* KKErrorHelper.h */ = {isa = PBXFileReference; fileEncoding = 4; lastKnownFileType = sourcecode.c.h; path = KKErrorHelper.h; sourceTree = "<group>"; };
		0AC12B9D2279FCA700CF94ED /* KKLoginViewController.h */ = {isa = PBXFileReference; lastKnownFileType = sourcecode.c.h; path = KKLoginViewController.h; sourceTree = "<group>"; };
		0AC12B9E2279FCA700CF94ED /* KKLoginViewController.m */ = {isa = PBXFileReference; lastKnownFileType = sourcecode.c.objc; path = KKLoginViewController.m; sourceTree = "<group>"; };
		0AC12BA3227A029300CF94ED /* KKAccountHelper.h */ = {isa = PBXFileReference; lastKnownFileType = sourcecode.c.h; path = KKAccountHelper.h; sourceTree = "<group>"; };
		0AC12BA4227A029300CF94ED /* KKAccountHelper.m */ = {isa = PBXFileReference; lastKnownFileType = sourcecode.c.objc; path = KKAccountHelper.m; sourceTree = "<group>"; };
		0AC12BA9227A107100CF94ED /* KKTextField.m */ = {isa = PBXFileReference; fileEncoding = 4; lastKnownFileType = sourcecode.c.objc; path = KKTextField.m; sourceTree = "<group>"; };
		0AC12BAA227A107100CF94ED /* KKButton.m */ = {isa = PBXFileReference; fileEncoding = 4; lastKnownFileType = sourcecode.c.objc; path = KKButton.m; sourceTree = "<group>"; };
		0AC12BAB227A107100CF94ED /* KKTableViewHeaderFooterView.m */ = {isa = PBXFileReference; fileEncoding = 4; lastKnownFileType = sourcecode.c.objc; path = KKTableViewHeaderFooterView.m; sourceTree = "<group>"; };
		0AC12BAC227A107100CF94ED /* KKCollectionViewCell.m */ = {isa = PBXFileReference; fileEncoding = 4; lastKnownFileType = sourcecode.c.objc; path = KKCollectionViewCell.m; sourceTree = "<group>"; };
		0AC12BAD227A107100CF94ED /* KKViewModel.h */ = {isa = PBXFileReference; fileEncoding = 4; lastKnownFileType = sourcecode.c.h; path = KKViewModel.h; sourceTree = "<group>"; };
		0AC12BAE227A107100CF94ED /* KKView.m */ = {isa = PBXFileReference; fileEncoding = 4; lastKnownFileType = sourcecode.c.objc; path = KKView.m; sourceTree = "<group>"; };
		0AC12BAF227A107100CF94ED /* KKModel.m */ = {isa = PBXFileReference; fileEncoding = 4; lastKnownFileType = sourcecode.c.objc; path = KKModel.m; sourceTree = "<group>"; };
		0AC12BB0227A107100CF94ED /* UITabBarController+KKAdd.m */ = {isa = PBXFileReference; fileEncoding = 4; lastKnownFileType = sourcecode.c.objc; path = "UITabBarController+KKAdd.m"; sourceTree = "<group>"; };
		0AC12BB1227A107100CF94ED /* KKCollectionView.h */ = {isa = PBXFileReference; fileEncoding = 4; lastKnownFileType = sourcecode.c.h; path = KKCollectionView.h; sourceTree = "<group>"; };
		0AC12BB2227A107100CF94ED /* KKTableViewProtocol.h */ = {isa = PBXFileReference; fileEncoding = 4; lastKnownFileType = sourcecode.c.h; path = KKTableViewProtocol.h; sourceTree = "<group>"; };
		0AC12BB3227A107100CF94ED /* KKLabel.h */ = {isa = PBXFileReference; fileEncoding = 4; lastKnownFileType = sourcecode.c.h; path = KKLabel.h; sourceTree = "<group>"; };
		0AC12BB4227A107100CF94ED /* KKLayout.m */ = {isa = PBXFileReference; fileEncoding = 4; lastKnownFileType = sourcecode.c.objc; path = KKLayout.m; sourceTree = "<group>"; };
		0AC12BB5227A107100CF94ED /* KKCollectionViewCellProtocol.h */ = {isa = PBXFileReference; fileEncoding = 4; lastKnownFileType = sourcecode.c.h; path = KKCollectionViewCellProtocol.h; sourceTree = "<group>"; };
		0AC12BB6227A107100CF94ED /* KKTableView.h */ = {isa = PBXFileReference; fileEncoding = 4; lastKnownFileType = sourcecode.c.h; path = KKTableView.h; sourceTree = "<group>"; };
		0AC12BB7227A107100CF94ED /* KKTableViewCell.h */ = {isa = PBXFileReference; fileEncoding = 4; lastKnownFileType = sourcecode.c.h; path = KKTableViewCell.h; sourceTree = "<group>"; };
		0AC12BB8227A107100CF94ED /* KKUIKit.m */ = {isa = PBXFileReference; fileEncoding = 4; lastKnownFileType = sourcecode.c.objc; path = KKUIKit.m; sourceTree = "<group>"; };
		0AC12BB9227A107100CF94ED /* KKViewProtocol.h */ = {isa = PBXFileReference; fileEncoding = 4; lastKnownFileType = sourcecode.c.h; path = KKViewProtocol.h; sourceTree = "<group>"; };
		0AC12BBA227A107100CF94ED /* KKCollectionReusableView.m */ = {isa = PBXFileReference; fileEncoding = 4; lastKnownFileType = sourcecode.c.objc; path = KKCollectionReusableView.m; sourceTree = "<group>"; };
		0AC12BBB227A107100CF94ED /* KKCollectionReusableViewProtocol.h */ = {isa = PBXFileReference; fileEncoding = 4; lastKnownFileType = sourcecode.c.h; path = KKCollectionReusableViewProtocol.h; sourceTree = "<group>"; };
		0AC12BBC227A107100CF94ED /* UITabBarController+KKAdd.h */ = {isa = PBXFileReference; fileEncoding = 4; lastKnownFileType = sourcecode.c.h; path = "UITabBarController+KKAdd.h"; sourceTree = "<group>"; };
		0AC12BBD227A107100CF94ED /* KKModel.h */ = {isa = PBXFileReference; fileEncoding = 4; lastKnownFileType = sourcecode.c.h; path = KKModel.h; sourceTree = "<group>"; };
		0AC12BBE227A107100CF94ED /* KKView.h */ = {isa = PBXFileReference; fileEncoding = 4; lastKnownFileType = sourcecode.c.h; path = KKView.h; sourceTree = "<group>"; };
		0AC12BBF227A107100CF94ED /* KKViewModel.m */ = {isa = PBXFileReference; fileEncoding = 4; lastKnownFileType = sourcecode.c.objc; path = KKViewModel.m; sourceTree = "<group>"; };
		0AC12BC0227A107100CF94ED /* KKCollectionViewCell.h */ = {isa = PBXFileReference; fileEncoding = 4; lastKnownFileType = sourcecode.c.h; path = KKCollectionViewCell.h; sourceTree = "<group>"; };
		0AC12BC1227A107100CF94ED /* KKTableViewCellProtocol.h */ = {isa = PBXFileReference; fileEncoding = 4; lastKnownFileType = sourcecode.c.h; path = KKTableViewCellProtocol.h; sourceTree = "<group>"; };
		0AC12BC2227A107100CF94ED /* KKButton.h */ = {isa = PBXFileReference; fileEncoding = 4; lastKnownFileType = sourcecode.c.h; path = KKButton.h; sourceTree = "<group>"; };
		0AC12BC3227A107100CF94ED /* KKTableViewHeaderFooterView.h */ = {isa = PBXFileReference; fileEncoding = 4; lastKnownFileType = sourcecode.c.h; path = KKTableViewHeaderFooterView.h; sourceTree = "<group>"; };
		0AC12BC4227A107100CF94ED /* KKTextField.h */ = {isa = PBXFileReference; fileEncoding = 4; lastKnownFileType = sourcecode.c.h; path = KKTextField.h; sourceTree = "<group>"; };
		0AC12BC5227A107100CF94ED /* KKViewModelProtocol.h */ = {isa = PBXFileReference; fileEncoding = 4; lastKnownFileType = sourcecode.c.h; path = KKViewModelProtocol.h; sourceTree = "<group>"; };
		0AC12BC6227A107100CF94ED /* KKLabel.m */ = {isa = PBXFileReference; fileEncoding = 4; lastKnownFileType = sourcecode.c.objc; path = KKLabel.m; sourceTree = "<group>"; };
		0AC12BC7227A107100CF94ED /* KKLayout.h */ = {isa = PBXFileReference; fileEncoding = 4; lastKnownFileType = sourcecode.c.h; path = KKLayout.h; sourceTree = "<group>"; };
		0AC12BC8227A107100CF94ED /* KKCollectionView.m */ = {isa = PBXFileReference; fileEncoding = 4; lastKnownFileType = sourcecode.c.objc; path = KKCollectionView.m; sourceTree = "<group>"; };
		0AC12BC9227A107100CF94ED /* KKCollectionReusableView.h */ = {isa = PBXFileReference; fileEncoding = 4; lastKnownFileType = sourcecode.c.h; path = KKCollectionReusableView.h; sourceTree = "<group>"; };
		0AC12BCA227A107100CF94ED /* KKUIKit.h */ = {isa = PBXFileReference; fileEncoding = 4; lastKnownFileType = sourcecode.c.h; path = KKUIKit.h; sourceTree = "<group>"; };
		0AC12BCB227A107100CF94ED /* KKTableViewCell.m */ = {isa = PBXFileReference; fileEncoding = 4; lastKnownFileType = sourcecode.c.objc; path = KKTableViewCell.m; sourceTree = "<group>"; };
		0AC12BCE227A107100CF94ED /* UIScrollView+KKNavigationBar.m */ = {isa = PBXFileReference; fileEncoding = 4; lastKnownFileType = sourcecode.c.objc; path = "UIScrollView+KKNavigationBar.m"; sourceTree = "<group>"; };
		0AC12BCF227A107100CF94ED /* UINavigationItem+KKNavigationBar.h */ = {isa = PBXFileReference; fileEncoding = 4; lastKnownFileType = sourcecode.c.h; path = "UINavigationItem+KKNavigationBar.h"; sourceTree = "<group>"; };
		0AC12BD0227A107100CF94ED /* UIViewController+KKNavigationBar.h */ = {isa = PBXFileReference; fileEncoding = 4; lastKnownFileType = sourcecode.c.h; path = "UIViewController+KKNavigationBar.h"; sourceTree = "<group>"; };
		0AC12BD1227A107100CF94ED /* UINavigationController+KKNavigationBar.m */ = {isa = PBXFileReference; fileEncoding = 4; lastKnownFileType = sourcecode.c.objc; path = "UINavigationController+KKNavigationBar.m"; sourceTree = "<group>"; };
		0AC12BD2227A107100CF94ED /* UIBarButtonItem+KKNavigationBar.h */ = {isa = PBXFileReference; fileEncoding = 4; lastKnownFileType = sourcecode.c.h; path = "UIBarButtonItem+KKNavigationBar.h"; sourceTree = "<group>"; };
		0AC12BD3227A107100CF94ED /* UINavigationItem+KKNavigationBar.m */ = {isa = PBXFileReference; fileEncoding = 4; lastKnownFileType = sourcecode.c.objc; path = "UINavigationItem+KKNavigationBar.m"; sourceTree = "<group>"; };
		0AC12BD4227A107100CF94ED /* UIScrollView+KKNavigationBar.h */ = {isa = PBXFileReference; fileEncoding = 4; lastKnownFileType = sourcecode.c.h; path = "UIScrollView+KKNavigationBar.h"; sourceTree = "<group>"; };
		0AC12BD5227A107100CF94ED /* UIViewController+KKNavigationBar.m */ = {isa = PBXFileReference; fileEncoding = 4; lastKnownFileType = sourcecode.c.objc; path = "UIViewController+KKNavigationBar.m"; sourceTree = "<group>"; };
		0AC12BD6227A107100CF94ED /* UIBarButtonItem+KKNavigationBar.m */ = {isa = PBXFileReference; fileEncoding = 4; lastKnownFileType = sourcecode.c.objc; path = "UIBarButtonItem+KKNavigationBar.m"; sourceTree = "<group>"; };
		0AC12BD7227A107100CF94ED /* UINavigationController+KKNavigationBar.h */ = {isa = PBXFileReference; fileEncoding = 4; lastKnownFileType = sourcecode.c.h; path = "UINavigationController+KKNavigationBar.h"; sourceTree = "<group>"; };
		0AC12BD8227A107100CF94ED /* KKNavigationBarCategory.h */ = {isa = PBXFileReference; fileEncoding = 4; lastKnownFileType = sourcecode.c.h; path = KKNavigationBarCategory.h; sourceTree = "<group>"; };
		0AC12BD9227A107100CF94ED /* KKViewControllerProtocol.h */ = {isa = PBXFileReference; fileEncoding = 4; lastKnownFileType = sourcecode.c.h; path = KKViewControllerProtocol.h; sourceTree = "<group>"; };
		0AC12BDB227A107100CF94ED /* KKPushTransitionAnimation.h */ = {isa = PBXFileReference; fileEncoding = 4; lastKnownFileType = sourcecode.c.h; path = KKPushTransitionAnimation.h; sourceTree = "<group>"; };
		0AC12BDC227A107100CF94ED /* KKPushPopTransitionProtocol.m */ = {isa = PBXFileReference; fileEncoding = 4; lastKnownFileType = sourcecode.c.objc; path = KKPushPopTransitionProtocol.m; sourceTree = "<group>"; };
		0AC12BDD227A107100CF94ED /* KKPopTransitionAnimation.m */ = {isa = PBXFileReference; fileEncoding = 4; lastKnownFileType = sourcecode.c.objc; path = KKPopTransitionAnimation.m; sourceTree = "<group>"; };
		0AC12BDE227A107100CF94ED /* KKPushTransitionAnimation.m */ = {isa = PBXFileReference; fileEncoding = 4; lastKnownFileType = sourcecode.c.objc; path = KKPushTransitionAnimation.m; sourceTree = "<group>"; };
		0AC12BDF227A107100CF94ED /* KKPushPopTransitionProtocol.h */ = {isa = PBXFileReference; fileEncoding = 4; lastKnownFileType = sourcecode.c.h; path = KKPushPopTransitionProtocol.h; sourceTree = "<group>"; };
		0AC12BE0227A107100CF94ED /* KKPopTransitionAnimation.h */ = {isa = PBXFileReference; fileEncoding = 4; lastKnownFileType = sourcecode.c.h; path = KKPopTransitionAnimation.h; sourceTree = "<group>"; };
		0AC12BE1227A107100CF94ED /* KKNavigationBarHeader.h */ = {isa = PBXFileReference; fileEncoding = 4; lastKnownFileType = sourcecode.c.h; path = KKNavigationBarHeader.h; sourceTree = "<group>"; };
		0AC12BE2227A107100CF94ED /* KKViewController.m */ = {isa = PBXFileReference; fileEncoding = 4; lastKnownFileType = sourcecode.c.objc; path = KKViewController.m; sourceTree = "<group>"; };
		0AC12BE4227A107100CF94ED /* KKNavigationBarHelper.h */ = {isa = PBXFileReference; fileEncoding = 4; lastKnownFileType = sourcecode.c.h; path = KKNavigationBarHelper.h; sourceTree = "<group>"; };
		0AC12BE5227A107100CF94ED /* KKNavigationBarCommon.h */ = {isa = PBXFileReference; fileEncoding = 4; lastKnownFileType = sourcecode.c.h; path = KKNavigationBarCommon.h; sourceTree = "<group>"; };
		0AC12BE6227A107100CF94ED /* KKNavigationBarHelper.m */ = {isa = PBXFileReference; fileEncoding = 4; lastKnownFileType = sourcecode.c.objc; path = KKNavigationBarHelper.m; sourceTree = "<group>"; };
		0AC12BE8227A107100CF94ED /* KKNavigationBar.h */ = {isa = PBXFileReference; fileEncoding = 4; lastKnownFileType = sourcecode.c.h; path = KKNavigationBar.h; sourceTree = "<group>"; };
		0AC12BE9227A107100CF94ED /* KKNavigationBar.bundle */ = {isa = PBXFileReference; lastKnownFileType = "wrapper.plug-in"; path = KKNavigationBar.bundle; sourceTree = "<group>"; };
		0AC12BEA227A107100CF94ED /* KKNavigationBar.m */ = {isa = PBXFileReference; fileEncoding = 4; lastKnownFileType = sourcecode.c.objc; path = KKNavigationBar.m; sourceTree = "<group>"; };
		0AC12BEB227A107100CF94ED /* KKViewController.h */ = {isa = PBXFileReference; fileEncoding = 4; lastKnownFileType = sourcecode.c.h; path = KKViewController.h; sourceTree = "<group>"; };
		0AC12BEC227A107100CF94ED /* KKTableView.m */ = {isa = PBXFileReference; fileEncoding = 4; lastKnownFileType = sourcecode.c.objc; path = KKTableView.m; sourceTree = "<group>"; };
		0AC12BED227A107100CF94ED /* KKTableViewHeaderFooterViewProtocol.h */ = {isa = PBXFileReference; fileEncoding = 4; lastKnownFileType = sourcecode.c.h; path = KKTableViewHeaderFooterViewProtocol.h; sourceTree = "<group>"; };
		0AC12BEE227A107100CF94ED /* KKCollectionViewProtocol.h */ = {isa = PBXFileReference; fileEncoding = 4; lastKnownFileType = sourcecode.c.h; path = KKCollectionViewProtocol.h; sourceTree = "<group>"; };
		0AC12C26227A126100CF94ED /* YYTextLinePositionModifier.h */ = {isa = PBXFileReference; fileEncoding = 4; lastKnownFileType = sourcecode.c.h; path = YYTextLinePositionModifier.h; sourceTree = "<group>"; };
		0AC12C27227A126100CF94ED /* YYTextLinePositionModifier.m */ = {isa = PBXFileReference; fileEncoding = 4; lastKnownFileType = sourcecode.c.objc; path = YYTextLinePositionModifier.m; sourceTree = "<group>"; };
		0AC12C2A227A13ED00CF94ED /* UIView+KKPlaceHolder.h */ = {isa = PBXFileReference; lastKnownFileType = sourcecode.c.h; path = "UIView+KKPlaceHolder.h"; sourceTree = "<group>"; };
		0AC12C2B227A13ED00CF94ED /* UIView+KKPlaceHolder.m */ = {isa = PBXFileReference; lastKnownFileType = sourcecode.c.objc; path = "UIView+KKPlaceHolder.m"; sourceTree = "<group>"; };
		0AC12C2E227A62F300CF94ED /* KKLoadingPlaceHolderView.h */ = {isa = PBXFileReference; lastKnownFileType = sourcecode.c.h; path = KKLoadingPlaceHolderView.h; sourceTree = "<group>"; };
		0AC12C2F227A62F300CF94ED /* KKLoadingPlaceHolderView.m */ = {isa = PBXFileReference; lastKnownFileType = sourcecode.c.objc; path = KKLoadingPlaceHolderView.m; sourceTree = "<group>"; };
		0AC12C33227A658F00CF94ED /* UIScrollView+EmptyDataSet.m */ = {isa = PBXFileReference; fileEncoding = 4; lastKnownFileType = sourcecode.c.objc; path = "UIScrollView+EmptyDataSet.m"; sourceTree = "<group>"; };
		0AC12C34227A658F00CF94ED /* UIScrollView+EmptyDataSet.h */ = {isa = PBXFileReference; fileEncoding = 4; lastKnownFileType = sourcecode.c.h; path = "UIScrollView+EmptyDataSet.h"; sourceTree = "<group>"; };
		1B9C241756EEF8F825ECEC9C /* Pods-KKProject_Objc.debug.xcconfig */ = {isa = PBXFileReference; includeInIndex = 1; lastKnownFileType = text.xcconfig; name = "Pods-KKProject_Objc.debug.xcconfig"; path = "Pods/Target Support Files/Pods-KKProject_Objc/Pods-KKProject_Objc.debug.xcconfig"; sourceTree = "<group>"; };
		204109BCA539723EAC3C4303 /* Pods-KKProject_Swift.debug.xcconfig */ = {isa = PBXFileReference; includeInIndex = 1; lastKnownFileType = text.xcconfig; name = "Pods-KKProject_Swift.debug.xcconfig"; path = "Pods/Target Support Files/Pods-KKProject_Swift/Pods-KKProject_Swift.debug.xcconfig"; sourceTree = "<group>"; };
		317D961BA2DD2BFB51EE381D /* Pods-KKProject.debug.xcconfig */ = {isa = PBXFileReference; includeInIndex = 1; lastKnownFileType = text.xcconfig; name = "Pods-KKProject.debug.xcconfig"; path = "Pods/Target Support Files/Pods-KKProject/Pods-KKProject.debug.xcconfig"; sourceTree = "<group>"; };
		3B3FB8C619DB2DE564EAB42A /* Pods-KKProject.release.xcconfig */ = {isa = PBXFileReference; includeInIndex = 1; lastKnownFileType = text.xcconfig; name = "Pods-KKProject.release.xcconfig"; path = "Pods/Target Support Files/Pods-KKProject/Pods-KKProject.release.xcconfig"; sourceTree = "<group>"; };
		5D46E76F1AC1A84F170F9B4C /* Pods-KKProject_Objc.release.xcconfig */ = {isa = PBXFileReference; includeInIndex = 1; lastKnownFileType = text.xcconfig; name = "Pods-KKProject_Objc.release.xcconfig"; path = "Pods/Target Support Files/Pods-KKProject_Objc/Pods-KKProject_Objc.release.xcconfig"; sourceTree = "<group>"; };
		822D98E7F2EC6A41977A257D /* libPods-KKProject.a */ = {isa = PBXFileReference; explicitFileType = archive.ar; includeInIndex = 0; path = "libPods-KKProject.a"; sourceTree = BUILT_PRODUCTS_DIR; };
		8C8493C3BAEB9B29D9D5C455 /* Pods_KKProject_Swift.framework */ = {isa = PBXFileReference; explicitFileType = wrapper.framework; includeInIndex = 0; path = Pods_KKProject_Swift.framework; sourceTree = BUILT_PRODUCTS_DIR; };
		9347CF5922783F3500BC7AAC /* zh-Hans */ = {isa = PBXFileReference; lastKnownFileType = text.plist.strings; name = "zh-Hans"; path = "zh-Hans.lproj/Main.strings"; sourceTree = "<group>"; };
		9347CF5A22783F3600BC7AAC /* zh-Hans */ = {isa = PBXFileReference; lastKnownFileType = text.plist.strings; name = "zh-Hans"; path = "zh-Hans.lproj/LaunchScreen.strings"; sourceTree = "<group>"; };
		9347CF5B22783F3700BC7AAC /* zh-Hans */ = {isa = PBXFileReference; lastKnownFileType = text.plist.strings; name = "zh-Hans"; path = "zh-Hans.lproj/Main.strings"; sourceTree = "<group>"; };
		9347CF5C22783F3700BC7AAC /* zh-Hans */ = {isa = PBXFileReference; lastKnownFileType = text.plist.strings; name = "zh-Hans"; path = "zh-Hans.lproj/LaunchScreen.strings"; sourceTree = "<group>"; };
		9347CF63227842AC00BC7AAC /* Base */ = {isa = PBXFileReference; lastKnownFileType = text.plist.xml; name = Base; path = Base.lproj/Info.plist; sourceTree = "<group>"; };
		9347CF692278430400BC7AAC /* en */ = {isa = PBXFileReference; lastKnownFileType = text.plist.strings; name = en; path = en.lproj/InfoPlist.strings; sourceTree = "<group>"; };
		9347CF6B2278430A00BC7AAC /* zh-Hans */ = {isa = PBXFileReference; lastKnownFileType = text.plist.strings; name = "zh-Hans"; path = "zh-Hans.lproj/InfoPlist.strings"; sourceTree = "<group>"; };
		9347CF6F2278482100BC7AAC /* en */ = {isa = PBXFileReference; lastKnownFileType = text.plist.strings; name = en; path = "en.lproj/KKProject-Objc-InfoPlist.strings"; sourceTree = "<group>"; };
		9347CF712278482200BC7AAC /* zh-Hans */ = {isa = PBXFileReference; lastKnownFileType = text.plist.strings; name = "zh-Hans"; path = "zh-Hans.lproj/KKProject-Objc-InfoPlist.strings"; sourceTree = "<group>"; };
		E6EE4928222551FE06A4F32C /* Pods-KKProject_Swift.release.xcconfig */ = {isa = PBXFileReference; includeInIndex = 1; lastKnownFileType = text.xcconfig; name = "Pods-KKProject_Swift.release.xcconfig"; path = "Pods/Target Support Files/Pods-KKProject_Swift/Pods-KKProject_Swift.release.xcconfig"; sourceTree = "<group>"; };
		F8FA44D9FB83B89B51C33862 /* libPods-KKProject_Objc.a */ = {isa = PBXFileReference; explicitFileType = archive.ar; includeInIndex = 0; path = "libPods-KKProject_Objc.a"; sourceTree = BUILT_PRODUCTS_DIR; };
/* End PBXFileReference section */

/* Begin PBXFrameworksBuildPhase section */
		0A6349D82270B08D00C0D0B0 /* Frameworks */ = {
			isa = PBXFrameworksBuildPhase;
			buildActionMask = 2147483647;
			files = (
				C0E3CDB08138B2ABB9393EE9 /* libPods-KKProject.a in Frameworks */,
			);
			runOnlyForDeploymentPostprocessing = 0;
		};
		0A634AE92270BD1900C0D0B0 /* Frameworks */ = {
			isa = PBXFrameworksBuildPhase;
			buildActionMask = 2147483647;
			files = (
				D7AC4836AD8C04CADEE5272E /* Pods_KKProject_Swift.framework in Frameworks */,
			);
			runOnlyForDeploymentPostprocessing = 0;
		};
		0A634B1F2270BE2A00C0D0B0 /* Frameworks */ = {
			isa = PBXFrameworksBuildPhase;
			buildActionMask = 2147483647;
			files = (
				DAB117A6C4ABC672D923BBD8 /* libPods-KKProject_Objc.a in Frameworks */,
			);
			runOnlyForDeploymentPostprocessing = 0;
		};
/* End PBXFrameworksBuildPhase section */

/* Begin PBXGroup section */
		0A6349D22270B08D00C0D0B0 = {
			isa = PBXGroup;
			children = (
				0A6349DD2270B08D00C0D0B0 /* KKProject */,
				0A634AED2270BD1900C0D0B0 /* KKProject_Swift */,
				0A6349DC2270B08D00C0D0B0 /* Products */,
				5FACC60D7A0B42EAA7E31E47 /* Pods */,
				F3E9ACCC91B3EC9457AB7448 /* Frameworks */,
			);
			sourceTree = "<group>";
		};
		0A6349DC2270B08D00C0D0B0 /* Products */ = {
			isa = PBXGroup;
			children = (
				0A6349DB2270B08D00C0D0B0 /* KKProject.app */,
				0A634AEC2270BD1900C0D0B0 /* KKProject_Swift.app */,
				0A634B272270BE2A00C0D0B0 /* KKProject_Objc.app */,
			);
			name = Products;
			sourceTree = "<group>";
		};
		0A6349DD2270B08D00C0D0B0 /* KKProject */ = {
			isa = PBXGroup;
			children = (
				9347CF5622783A5500BC7AAC /* App */,
				9347CF552278393600BC7AAC /* Common */,
				0AC12B982279FAC300CF94ED /* Tool */,
				0AC12B692279EE5900CF94ED /* Vender */,
				0AC12B7F2279F17700CF94ED /* Controller */,
				9347CF5822783A7100BC7AAC /* SupportFiles */,
			);
			path = KKProject;
			sourceTree = "<group>";
		};
		0A634AED2270BD1900C0D0B0 /* KKProject_Swift */ = {
			isa = PBXGroup;
			children = (
				0A634AEE2270BD1900C0D0B0 /* AppDelegate.swift */,
				0A634AF02270BD1900C0D0B0 /* ViewController.swift */,
				0A634AF22270BD1900C0D0B0 /* Main.storyboard */,
				0A634AF52270BD1A00C0D0B0 /* Assets.xcassets */,
				0A634AF72270BD1A00C0D0B0 /* LaunchScreen.storyboard */,
				0A634AFA2270BD1A00C0D0B0 /* Info.plist */,
				0ABB26122277560400397661 /* KKHomeViewController.swift */,
				0ABB2610227755CD00397661 /* KKBaseViewController.swift */,
				0ABB26142277565800397661 /* KKTabBarController.swift */,
			);
			path = KKProject_Swift;
			sourceTree = "<group>";
		};
		0AC12B692279EE5900CF94ED /* Vender */ = {
			isa = PBXGroup;
			children = (
				0AC12C32227A658F00CF94ED /* DZNEmptyDataSet */,
				0AC12C25227A126100CF94ED /* YYTextLinePositionModifier */,
				0AC12BA8227A107100CF94ED /* KKBaseUIKit */,
				0AC12B6A2279EE5900CF94ED /* EasyReact+KKAdd */,
				0AC12C2A227A13ED00CF94ED /* UIView+KKPlaceHolder.h */,
				0AC12C2B227A13ED00CF94ED /* UIView+KKPlaceHolder.m */,
				0AC12C2E227A62F300CF94ED /* KKLoadingPlaceHolderView.h */,
				0AC12C2F227A62F300CF94ED /* KKLoadingPlaceHolderView.m */,
			);
			path = Vender;
			sourceTree = "<group>";
		};
		0AC12B6A2279EE5900CF94ED /* EasyReact+KKAdd */ = {
			isa = PBXGroup;
			children = (
				0AC12B6B2279EE5900CF94ED /* UITextField+KKEasyReact.h */,
				0AC12B6C2279EE5900CF94ED /* UITextField+KKEasyReact.m */,
				0AC12B6E2279F02500CF94ED /* EasyReactKKAdd.h */,
			);
			path = "EasyReact+KKAdd";
			sourceTree = "<group>";
		};
		0AC12B7F2279F17700CF94ED /* Controller */ = {
			isa = PBXGroup;
			children = (
				0AC12B912279F24400CF94ED /* KKHome */,
				0AC12B902279F23700CF94ED /* KKLanuch */,
				0AC12B922279F25000CF94ED /* KKProfile */,
				0AC12B932279F26100CF94ED /* KKTabBar */,
				0AC12BA12279FCAF00CF94ED /* KKLogin */,
			);
			path = Controller;
			sourceTree = "<group>";
		};
		0AC12B902279F23700CF94ED /* KKLanuch */ = {
			isa = PBXGroup;
			children = (
				0AC12B802279F1BB00CF94ED /* KKLanuchViewController.h */,
				0AC12B852279F1BB00CF94ED /* KKLanuchViewController.m */,
			);
			path = KKLanuch;
			sourceTree = "<group>";
		};
		0AC12B912279F24400CF94ED /* KKHome */ = {
			isa = PBXGroup;
			children = (
				0AC12B822279F1BB00CF94ED /* KKHomeViewController.h */,
				0AC12B812279F1BB00CF94ED /* KKHomeViewController.m */,
			);
			path = KKHome;
			sourceTree = "<group>";
		};
		0AC12B922279F25000CF94ED /* KKProfile */ = {
			isa = PBXGroup;
			children = (
				0AC12B862279F1BB00CF94ED /* KKProfileViewController.h */,
				0AC12B842279F1BB00CF94ED /* KKProfileViewController.m */,
			);
			path = KKProfile;
			sourceTree = "<group>";
		};
		0AC12B932279F26100CF94ED /* KKTabBar */ = {
			isa = PBXGroup;
			children = (
				0AC12B872279F1BB00CF94ED /* KKTabBarController.h */,
				0AC12B832279F1BB00CF94ED /* KKTabBarController.m */,
			);
			path = KKTabBar;
			sourceTree = "<group>";
		};
		0AC12B982279FAC300CF94ED /* Tool */ = {
			isa = PBXGroup;
			children = (
				0AC12BA2227A018900CF94ED /* KKErrorHelper */,
				0AC12BA7227A02A200CF94ED /* KKAccountHelper */,
			);
			path = Tool;
			sourceTree = "<group>";
		};
		0AC12BA12279FCAF00CF94ED /* KKLogin */ = {
			isa = PBXGroup;
			children = (
				0AC12B9D2279FCA700CF94ED /* KKLoginViewController.h */,
				0AC12B9E2279FCA700CF94ED /* KKLoginViewController.m */,
			);
			path = KKLogin;
			sourceTree = "<group>";
		};
		0AC12BA2227A018900CF94ED /* KKErrorHelper */ = {
			isa = PBXGroup;
			children = (
				0AC12B9A2279FAE400CF94ED /* KKErrorHelper.h */,
				0AC12B992279FAE400CF94ED /* KKErrorHelper.m */,
			);
			path = KKErrorHelper;
			sourceTree = "<group>";
		};
		0AC12BA7227A02A200CF94ED /* KKAccountHelper */ = {
			isa = PBXGroup;
			children = (
				0AC12BA3227A029300CF94ED /* KKAccountHelper.h */,
				0AC12BA4227A029300CF94ED /* KKAccountHelper.m */,
			);
			path = KKAccountHelper;
			sourceTree = "<group>";
		};
		0AC12BA8227A107100CF94ED /* KKBaseUIKit */ = {
			isa = PBXGroup;
			children = (
				0AC12BA9227A107100CF94ED /* KKTextField.m */,
				0AC12BAA227A107100CF94ED /* KKButton.m */,
				0AC12BAB227A107100CF94ED /* KKTableViewHeaderFooterView.m */,
				0AC12BAC227A107100CF94ED /* KKCollectionViewCell.m */,
				0AC12BAD227A107100CF94ED /* KKViewModel.h */,
				0AC12BAE227A107100CF94ED /* KKView.m */,
				0AC12BAF227A107100CF94ED /* KKModel.m */,
				0AC12BB0227A107100CF94ED /* UITabBarController+KKAdd.m */,
				0AC12BB1227A107100CF94ED /* KKCollectionView.h */,
				0AC12BB2227A107100CF94ED /* KKTableViewProtocol.h */,
				0AC12BB3227A107100CF94ED /* KKLabel.h */,
				0AC12BB4227A107100CF94ED /* KKLayout.m */,
				0AC12BB5227A107100CF94ED /* KKCollectionViewCellProtocol.h */,
				0AC12BB6227A107100CF94ED /* KKTableView.h */,
				0AC12BB7227A107100CF94ED /* KKTableViewCell.h */,
				0AC12BB8227A107100CF94ED /* KKUIKit.m */,
				0AC12BB9227A107100CF94ED /* KKViewProtocol.h */,
				0AC12BBA227A107100CF94ED /* KKCollectionReusableView.m */,
				0AC12BBB227A107100CF94ED /* KKCollectionReusableViewProtocol.h */,
				0AC12BBC227A107100CF94ED /* UITabBarController+KKAdd.h */,
				0AC12BBD227A107100CF94ED /* KKModel.h */,
				0AC12BBE227A107100CF94ED /* KKView.h */,
				0AC12BBF227A107100CF94ED /* KKViewModel.m */,
				0AC12BC0227A107100CF94ED /* KKCollectionViewCell.h */,
				0AC12BC1227A107100CF94ED /* KKTableViewCellProtocol.h */,
				0AC12BC2227A107100CF94ED /* KKButton.h */,
				0AC12BC3227A107100CF94ED /* KKTableViewHeaderFooterView.h */,
				0AC12BC4227A107100CF94ED /* KKTextField.h */,
				0AC12BC5227A107100CF94ED /* KKViewModelProtocol.h */,
				0AC12BC6227A107100CF94ED /* KKLabel.m */,
				0AC12BC7227A107100CF94ED /* KKLayout.h */,
				0AC12BC8227A107100CF94ED /* KKCollectionView.m */,
				0AC12BC9227A107100CF94ED /* KKCollectionReusableView.h */,
				0AC12BCA227A107100CF94ED /* KKUIKit.h */,
				0AC12BCB227A107100CF94ED /* KKTableViewCell.m */,
				0AC12BCC227A107100CF94ED /* KKViewController */,
				0AC12BEC227A107100CF94ED /* KKTableView.m */,
				0AC12BED227A107100CF94ED /* KKTableViewHeaderFooterViewProtocol.h */,
				0AC12BEE227A107100CF94ED /* KKCollectionViewProtocol.h */,
			);
			path = KKBaseUIKit;
			sourceTree = "<group>";
		};
		0AC12BCC227A107100CF94ED /* KKViewController */ = {
			isa = PBXGroup;
			children = (
				0AC12BCD227A107100CF94ED /* KKNavigationBarCategory */,
				0AC12BD9227A107100CF94ED /* KKViewControllerProtocol.h */,
				0AC12BDA227A107100CF94ED /* TransitionAnimation */,
				0AC12BE1227A107100CF94ED /* KKNavigationBarHeader.h */,
				0AC12BE2227A107100CF94ED /* KKViewController.m */,
				0AC12BE3227A107100CF94ED /* KKNavigationBarHelper */,
				0AC12BE7227A107100CF94ED /* KKNavigationBar */,
				0AC12BEB227A107100CF94ED /* KKViewController.h */,
			);
			path = KKViewController;
			sourceTree = "<group>";
		};
		0AC12BCD227A107100CF94ED /* KKNavigationBarCategory */ = {
			isa = PBXGroup;
			children = (
				0AC12BCE227A107100CF94ED /* UIScrollView+KKNavigationBar.m */,
				0AC12BCF227A107100CF94ED /* UINavigationItem+KKNavigationBar.h */,
				0AC12BD0227A107100CF94ED /* UIViewController+KKNavigationBar.h */,
				0AC12BD1227A107100CF94ED /* UINavigationController+KKNavigationBar.m */,
				0AC12BD2227A107100CF94ED /* UIBarButtonItem+KKNavigationBar.h */,
				0AC12BD3227A107100CF94ED /* UINavigationItem+KKNavigationBar.m */,
				0AC12BD4227A107100CF94ED /* UIScrollView+KKNavigationBar.h */,
				0AC12BD5227A107100CF94ED /* UIViewController+KKNavigationBar.m */,
				0AC12BD6227A107100CF94ED /* UIBarButtonItem+KKNavigationBar.m */,
				0AC12BD7227A107100CF94ED /* UINavigationController+KKNavigationBar.h */,
				0AC12BD8227A107100CF94ED /* KKNavigationBarCategory.h */,
			);
			path = KKNavigationBarCategory;
			sourceTree = "<group>";
		};
		0AC12BDA227A107100CF94ED /* TransitionAnimation */ = {
			isa = PBXGroup;
			children = (
				0AC12BDB227A107100CF94ED /* KKPushTransitionAnimation.h */,
				0AC12BDC227A107100CF94ED /* KKPushPopTransitionProtocol.m */,
				0AC12BDD227A107100CF94ED /* KKPopTransitionAnimation.m */,
				0AC12BDE227A107100CF94ED /* KKPushTransitionAnimation.m */,
				0AC12BDF227A107100CF94ED /* KKPushPopTransitionProtocol.h */,
				0AC12BE0227A107100CF94ED /* KKPopTransitionAnimation.h */,
			);
			path = TransitionAnimation;
			sourceTree = "<group>";
		};
		0AC12BE3227A107100CF94ED /* KKNavigationBarHelper */ = {
			isa = PBXGroup;
			children = (
				0AC12BE4227A107100CF94ED /* KKNavigationBarHelper.h */,
				0AC12BE5227A107100CF94ED /* KKNavigationBarCommon.h */,
				0AC12BE6227A107100CF94ED /* KKNavigationBarHelper.m */,
			);
			path = KKNavigationBarHelper;
			sourceTree = "<group>";
		};
		0AC12BE7227A107100CF94ED /* KKNavigationBar */ = {
			isa = PBXGroup;
			children = (
				0AC12BE8227A107100CF94ED /* KKNavigationBar.h */,
				0AC12BE9227A107100CF94ED /* KKNavigationBar.bundle */,
				0AC12BEA227A107100CF94ED /* KKNavigationBar.m */,
			);
			path = KKNavigationBar;
			sourceTree = "<group>";
		};
		0AC12C25227A126100CF94ED /* YYTextLinePositionModifier */ = {
			isa = PBXGroup;
			children = (
				0AC12C26227A126100CF94ED /* YYTextLinePositionModifier.h */,
				0AC12C27227A126100CF94ED /* YYTextLinePositionModifier.m */,
			);
			path = YYTextLinePositionModifier;
			sourceTree = "<group>";
		};
		0AC12C32227A658F00CF94ED /* DZNEmptyDataSet */ = {
			isa = PBXGroup;
			children = (
				0AC12C33227A658F00CF94ED /* UIScrollView+EmptyDataSet.m */,
				0AC12C34227A658F00CF94ED /* UIScrollView+EmptyDataSet.h */,
			);
			path = DZNEmptyDataSet;
			sourceTree = "<group>";
		};
		5FACC60D7A0B42EAA7E31E47 /* Pods */ = {
			isa = PBXGroup;
			children = (
				317D961BA2DD2BFB51EE381D /* Pods-KKProject.debug.xcconfig */,
				3B3FB8C619DB2DE564EAB42A /* Pods-KKProject.release.xcconfig */,
				1B9C241756EEF8F825ECEC9C /* Pods-KKProject_Objc.debug.xcconfig */,
				5D46E76F1AC1A84F170F9B4C /* Pods-KKProject_Objc.release.xcconfig */,
				204109BCA539723EAC3C4303 /* Pods-KKProject_Swift.debug.xcconfig */,
				E6EE4928222551FE06A4F32C /* Pods-KKProject_Swift.release.xcconfig */,
			);
			name = Pods;
			sourceTree = "<group>";
		};
		9347CF552278393600BC7AAC /* Common */ = {
			isa = PBXGroup;
			children = (
				0A634B2B2270C2F100C0D0B0 /* KKProjectMacros.h */,
				0AC12B632279E7F300CF94ED /* KKProjectHeader.h */,
				0AC12B642279E81300CF94ED /* KKProjectObjcHeader.h */,
			);
			path = Common;
			sourceTree = "<group>";
		};
		9347CF5622783A5500BC7AAC /* App */ = {
			isa = PBXGroup;
			children = (
				0A6349DE2270B08D00C0D0B0 /* AppDelegate.h */,
				0A6349DF2270B08D00C0D0B0 /* AppDelegate.m */,
			);
			path = App;
			sourceTree = "<group>";
		};
		9347CF5822783A7100BC7AAC /* SupportFiles */ = {
			isa = PBXGroup;
			children = (
				0A6349E12270B08D00C0D0B0 /* ViewController.h */,
				0A6349E22270B08D00C0D0B0 /* ViewController.m */,
				0A6349E42270B08D00C0D0B0 /* Main.storyboard */,
				0A6349E92270B08E00C0D0B0 /* LaunchScreen.storyboard */,
				0A6349E72270B08E00C0D0B0 /* Assets.xcassets */,
				9347CF64227842AC00BC7AAC /* Info.plist */,
				0A634B292270C02300C0D0B0 /* KKProject-Objc-Info.plist */,
				0A6349ED2270B08E00C0D0B0 /* main.m */,
				9347CF6A2278430400BC7AAC /* InfoPlist.strings */,
				9347CF702278482100BC7AAC /* KKProject-Objc-InfoPlist.strings */,
			);
			path = SupportFiles;
			sourceTree = "<group>";
		};
		F3E9ACCC91B3EC9457AB7448 /* Frameworks */ = {
			isa = PBXGroup;
			children = (
				822D98E7F2EC6A41977A257D /* libPods-KKProject.a */,
				F8FA44D9FB83B89B51C33862 /* libPods-KKProject_Objc.a */,
				8C8493C3BAEB9B29D9D5C455 /* Pods_KKProject_Swift.framework */,
			);
			name = Frameworks;
			sourceTree = "<group>";
		};
/* End PBXGroup section */

/* Begin PBXNativeTarget section */
		0A6349DA2270B08D00C0D0B0 /* KKProject */ = {
			isa = PBXNativeTarget;
			buildConfigurationList = 0A634A072270B08E00C0D0B0 /* Build configuration list for PBXNativeTarget "KKProject" */;
			buildPhases = (
				9F3C9CE8B089A85CF7DA85A9 /* [CP] Check Pods Manifest.lock */,
				0A6349D72270B08D00C0D0B0 /* Sources */,
				0A6349D82270B08D00C0D0B0 /* Frameworks */,
				0A6349D92270B08D00C0D0B0 /* Resources */,
			);
			buildRules = (
			);
			dependencies = (
			);
			name = KKProject;
			productName = KKProject;
			productReference = 0A6349DB2270B08D00C0D0B0 /* KKProject.app */;
			productType = "com.apple.product-type.application";
		};
		0A634AEB2270BD1900C0D0B0 /* KKProject_Swift */ = {
			isa = PBXNativeTarget;
			buildConfigurationList = 0A634B172270BD1A00C0D0B0 /* Build configuration list for PBXNativeTarget "KKProject_Swift" */;
			buildPhases = (
				5918EA64FFE532965F5309B4 /* [CP] Check Pods Manifest.lock */,
				0A634AE82270BD1900C0D0B0 /* Sources */,
				0A634AE92270BD1900C0D0B0 /* Frameworks */,
				0A634AEA2270BD1900C0D0B0 /* Resources */,
				7FB65D0846C47E279BE556AD /* [CP] Embed Pods Frameworks */,
			);
			buildRules = (
			);
			dependencies = (
			);
			name = KKProject_Swift;
			productName = KKProject_Swift;
			productReference = 0A634AEC2270BD1900C0D0B0 /* KKProject_Swift.app */;
			productType = "com.apple.product-type.application";
		};
		0A634B1A2270BE2A00C0D0B0 /* KKProject_Objc */ = {
			isa = PBXNativeTarget;
			buildConfigurationList = 0A634B242270BE2A00C0D0B0 /* Build configuration list for PBXNativeTarget "KKProject_Objc" */;
			buildPhases = (
				01884929673D6FBE490BE20D /* [CP] Check Pods Manifest.lock */,
				0A634B1B2270BE2A00C0D0B0 /* Sources */,
				0A634B1F2270BE2A00C0D0B0 /* Frameworks */,
				0A634B202270BE2A00C0D0B0 /* Resources */,
				F4E05E5627DC31968BA1096B /* [CP] Copy Pods Resources */,
				441B84536D5D6939AD9BD617 /* [CP] Embed Pods Frameworks */,
			);
			buildRules = (
			);
			dependencies = (
			);
			name = KKProject_Objc;
			productName = KKProject;
			productReference = 0A634B272270BE2A00C0D0B0 /* KKProject_Objc.app */;
			productType = "com.apple.product-type.application";
		};
/* End PBXNativeTarget section */

/* Begin PBXProject section */
		0A6349D32270B08D00C0D0B0 /* Project object */ = {
			isa = PBXProject;
			attributes = {
				CLASSPREFIX = KK;
				LastSwiftUpdateCheck = 1020;
				LastUpgradeCheck = 1020;
				ORGANIZATIONNAME = "Macbook Pro 15.4 ";
				TargetAttributes = {
					0A6349DA2270B08D00C0D0B0 = {
						CreatedOnToolsVersion = 10.2.1;
					};
					0A634AEB2270BD1900C0D0B0 = {
						CreatedOnToolsVersion = 10.2.1;
					};
				};
			};
			buildConfigurationList = 0A6349D62270B08D00C0D0B0 /* Build configuration list for PBXProject "KKProject" */;
			compatibilityVersion = "Xcode 9.3";
			developmentRegion = en;
			hasScannedForEncodings = 0;
			knownRegions = (
				en,
				Base,
				"zh-Hans",
			);
			mainGroup = 0A6349D22270B08D00C0D0B0;
			productRefGroup = 0A6349DC2270B08D00C0D0B0 /* Products */;
			projectDirPath = "";
			projectRoot = "";
			targets = (
				0A6349DA2270B08D00C0D0B0 /* KKProject */,
				0A634B1A2270BE2A00C0D0B0 /* KKProject_Objc */,
				0A634AEB2270BD1900C0D0B0 /* KKProject_Swift */,
			);
		};
/* End PBXProject section */

/* Begin PBXResourcesBuildPhase section */
		0A6349D92270B08D00C0D0B0 /* Resources */ = {
			isa = PBXResourcesBuildPhase;
			buildActionMask = 2147483647;
			files = (
				0A6349EB2270B08E00C0D0B0 /* LaunchScreen.storyboard in Resources */,
				9347CF682278430400BC7AAC /* InfoPlist.strings in Resources */,
				0A6349E82270B08E00C0D0B0 /* Assets.xcassets in Resources */,
				0AC12C1F227A107200CF94ED /* KKNavigationBar.bundle in Resources */,
				0A6349E62270B08D00C0D0B0 /* Main.storyboard in Resources */,
			);
			runOnlyForDeploymentPostprocessing = 0;
		};
		0A634AEA2270BD1900C0D0B0 /* Resources */ = {
			isa = PBXResourcesBuildPhase;
			buildActionMask = 2147483647;
			files = (
				0A634AF92270BD1A00C0D0B0 /* LaunchScreen.storyboard in Resources */,
				0A634AF62270BD1A00C0D0B0 /* Assets.xcassets in Resources */,
				0A634AF42270BD1900C0D0B0 /* Main.storyboard in Resources */,
			);
			runOnlyForDeploymentPostprocessing = 0;
		};
		0A634B202270BE2A00C0D0B0 /* Resources */ = {
			isa = PBXResourcesBuildPhase;
			buildActionMask = 2147483647;
			files = (
				0A634B212270BE2A00C0D0B0 /* LaunchScreen.storyboard in Resources */,
				0A634B2C2270C8C200C0D0B0 /* Assets.xcassets in Resources */,
				9347CF6E2278482100BC7AAC /* KKProject-Objc-InfoPlist.strings in Resources */,
				0AC12C20227A107200CF94ED /* KKNavigationBar.bundle in Resources */,
				0A634B232270BE2A00C0D0B0 /* Main.storyboard in Resources */,
			);
			runOnlyForDeploymentPostprocessing = 0;
		};
/* End PBXResourcesBuildPhase section */

/* Begin PBXShellScriptBuildPhase section */
		01884929673D6FBE490BE20D /* [CP] Check Pods Manifest.lock */ = {
			isa = PBXShellScriptBuildPhase;
			buildActionMask = 2147483647;
			files = (
			);
			inputPaths = (
				"${PODS_PODFILE_DIR_PATH}/Podfile.lock",
				"${PODS_ROOT}/Manifest.lock",
			);
			name = "[CP] Check Pods Manifest.lock";
			outputPaths = (
				"$(DERIVED_FILE_DIR)/Pods-KKProject_Objc-checkManifestLockResult.txt",
			);
			runOnlyForDeploymentPostprocessing = 0;
			shellPath = /bin/sh;
			shellScript = "diff \"${PODS_PODFILE_DIR_PATH}/Podfile.lock\" \"${PODS_ROOT}/Manifest.lock\" > /dev/null\nif [ $? != 0 ] ; then\n    # print error to STDERR\n    echo \"error: The sandbox is not in sync with the Podfile.lock. Run 'pod install' or update your CocoaPods installation.\" >&2\n    exit 1\nfi\n# This output is used by Xcode 'outputs' to avoid re-running this script phase.\necho \"SUCCESS\" > \"${SCRIPT_OUTPUT_FILE_0}\"\n";
			showEnvVarsInLog = 0;
		};
		441B84536D5D6939AD9BD617 /* [CP] Embed Pods Frameworks */ = {
			isa = PBXShellScriptBuildPhase;
			buildActionMask = 2147483647;
			files = (
			);
			inputFileListPaths = (
			);
			inputPaths = (
				"${PODS_ROOT}/Target Support Files/Pods-KKProject_Objc/Pods-KKProject_Objc-frameworks.sh",
				"${PODS_ROOT}/NIMSDK_LITE/NIMSDK/NIMSDK.framework",
			);
			name = "[CP] Embed Pods Frameworks";
			outputFileListPaths = (
			);
			outputPaths = (
				"${TARGET_BUILD_DIR}/${FRAMEWORKS_FOLDER_PATH}/NIMSDK.framework",
			);
			runOnlyForDeploymentPostprocessing = 0;
			shellPath = /bin/sh;
			shellScript = "\"${PODS_ROOT}/Target Support Files/Pods-KKProject_Objc/Pods-KKProject_Objc-frameworks.sh\"\n";
			showEnvVarsInLog = 0;
		};
		5918EA64FFE532965F5309B4 /* [CP] Check Pods Manifest.lock */ = {
			isa = PBXShellScriptBuildPhase;
			buildActionMask = 2147483647;
			files = (
			);
			inputPaths = (
				"${PODS_PODFILE_DIR_PATH}/Podfile.lock",
				"${PODS_ROOT}/Manifest.lock",
			);
			name = "[CP] Check Pods Manifest.lock";
			outputPaths = (
				"$(DERIVED_FILE_DIR)/Pods-KKProject_Swift-checkManifestLockResult.txt",
			);
			runOnlyForDeploymentPostprocessing = 0;
			shellPath = /bin/sh;
			shellScript = "diff \"${PODS_PODFILE_DIR_PATH}/Podfile.lock\" \"${PODS_ROOT}/Manifest.lock\" > /dev/null\nif [ $? != 0 ] ; then\n    # print error to STDERR\n    echo \"error: The sandbox is not in sync with the Podfile.lock. Run 'pod install' or update your CocoaPods installation.\" >&2\n    exit 1\nfi\n# This output is used by Xcode 'outputs' to avoid re-running this script phase.\necho \"SUCCESS\" > \"${SCRIPT_OUTPUT_FILE_0}\"\n";
			showEnvVarsInLog = 0;
		};
		7FB65D0846C47E279BE556AD /* [CP] Embed Pods Frameworks */ = {
			isa = PBXShellScriptBuildPhase;
			buildActionMask = 2147483647;
			files = (
			);
			inputFileListPaths = (
			);
			inputPaths = (
				"${PODS_ROOT}/Target Support Files/Pods-KKProject_Swift/Pods-KKProject_Swift-frameworks.sh",
				"${BUILT_PRODUCTS_DIR}/CocoaLumberjack-Core-Swift/CocoaLumberjack.framework",
				"${BUILT_PRODUCTS_DIR}/Advance/Advance.framework",
				"${BUILT_PRODUCTS_DIR}/Alamofire/Alamofire.framework",
				"${BUILT_PRODUCTS_DIR}/AnimatedCollectionViewLayout/AnimatedCollectionViewLayout.framework",
				"${BUILT_PRODUCTS_DIR}/AsyncSwift/Async.framework",
				"${BUILT_PRODUCTS_DIR}/Atributika/Atributika.framework",
				"${BUILT_PRODUCTS_DIR}/Cards/Cards.framework",
				"${BUILT_PRODUCTS_DIR}/CollectionKit/CollectionKit.framework",
				"${BUILT_PRODUCTS_DIR}/CryptoSwift/CryptoSwift.framework",
				"${BUILT_PRODUCTS_DIR}/Eureka/Eureka.framework",
				"${BUILT_PRODUCTS_DIR}/FoldingCell/FoldingCell.framework",
				"${BUILT_PRODUCTS_DIR}/IQKeyboardManagerSwift/IQKeyboardManagerSwift.framework",
				"${BUILT_PRODUCTS_DIR}/ImagePicker/ImagePicker.framework",
				"${BUILT_PRODUCTS_DIR}/Instructions/Instructions.framework",
				"${BUILT_PRODUCTS_DIR}/KeychainAccess/KeychainAccess.framework",
				"${BUILT_PRODUCTS_DIR}/Kingfisher/Kingfisher.framework",
				"${BUILT_PRODUCTS_DIR}/LTMorphingLabel/LTMorphingLabel.framework",
				"${BUILT_PRODUCTS_DIR}/Material/Material.framework",
				"${BUILT_PRODUCTS_DIR}/Motion/Motion.framework",
				"${BUILT_PRODUCTS_DIR}/Moya/Moya.framework",
				"${BUILT_PRODUCTS_DIR}/NVActivityIndicatorView/NVActivityIndicatorView.framework",
				"${BUILT_PRODUCTS_DIR}/Player/Player.framework",
				"${BUILT_PRODUCTS_DIR}/PromiseKit/PromiseKit.framework",
				"${BUILT_PRODUCTS_DIR}/QuickLayout/QuickLayout.framework",
				"${BUILT_PRODUCTS_DIR}/R.swift.Library/Rswift.framework",
				"${BUILT_PRODUCTS_DIR}/RAMAnimatedTabBarController/RAMAnimatedTabBarController.framework",
				"${BUILT_PRODUCTS_DIR}/ReachabilitySwift/Reachability.framework",
				"${BUILT_PRODUCTS_DIR}/ReactiveCocoa/ReactiveCocoa.framework",
				"${BUILT_PRODUCTS_DIR}/ReactiveSwift/ReactiveSwift.framework",
				"${BUILT_PRODUCTS_DIR}/Result/Result.framework",
				"${BUILT_PRODUCTS_DIR}/RxCocoa/RxCocoa.framework",
				"${BUILT_PRODUCTS_DIR}/RxSwift/RxSwift.framework",
				"${BUILT_PRODUCTS_DIR}/SQLite.swift/SQLite.framework",
				"${BUILT_PRODUCTS_DIR}/SkeletonView/SkeletonView.framework",
				"${BUILT_PRODUCTS_DIR}/SnapKit/SnapKit.framework",
				"${BUILT_PRODUCTS_DIR}/Surge/Surge.framework",
				"${BUILT_PRODUCTS_DIR}/SwiftDate/SwiftDate.framework",
				"${BUILT_PRODUCTS_DIR}/SwiftEntryKit/SwiftEntryKit.framework",
				"${BUILT_PRODUCTS_DIR}/SwiftMessages/SwiftMessages.framework",
				"${BUILT_PRODUCTS_DIR}/SwiftyJSON/SwiftyJSON.framework",
				"${BUILT_PRODUCTS_DIR}/SwiftyStoreKit/SwiftyStoreKit.framework",
				"${BUILT_PRODUCTS_DIR}/SwiftyUserDefaults/SwiftyUserDefaults.framework",
				"${BUILT_PRODUCTS_DIR}/SwipeCellKit/SwipeCellKit.framework",
				"${BUILT_PRODUCTS_DIR}/Then/Then.framework",
				"${BUILT_PRODUCTS_DIR}/ViewAnimator/ViewAnimator.framework",
				"${BUILT_PRODUCTS_DIR}/Whisper/Whisper.framework",
				"${BUILT_PRODUCTS_DIR}/XLPagerTabStrip/XLPagerTabStrip.framework",
				"${BUILT_PRODUCTS_DIR}/expanding-collection/expanding_collection.framework",
			);
			name = "[CP] Embed Pods Frameworks";
			outputFileListPaths = (
			);
			outputPaths = (
				"${TARGET_BUILD_DIR}/${FRAMEWORKS_FOLDER_PATH}/CocoaLumberjack.framework",
				"${TARGET_BUILD_DIR}/${FRAMEWORKS_FOLDER_PATH}/Advance.framework",
				"${TARGET_BUILD_DIR}/${FRAMEWORKS_FOLDER_PATH}/Alamofire.framework",
				"${TARGET_BUILD_DIR}/${FRAMEWORKS_FOLDER_PATH}/AnimatedCollectionViewLayout.framework",
				"${TARGET_BUILD_DIR}/${FRAMEWORKS_FOLDER_PATH}/Async.framework",
				"${TARGET_BUILD_DIR}/${FRAMEWORKS_FOLDER_PATH}/Atributika.framework",
				"${TARGET_BUILD_DIR}/${FRAMEWORKS_FOLDER_PATH}/Cards.framework",
				"${TARGET_BUILD_DIR}/${FRAMEWORKS_FOLDER_PATH}/CollectionKit.framework",
				"${TARGET_BUILD_DIR}/${FRAMEWORKS_FOLDER_PATH}/CryptoSwift.framework",
				"${TARGET_BUILD_DIR}/${FRAMEWORKS_FOLDER_PATH}/Eureka.framework",
				"${TARGET_BUILD_DIR}/${FRAMEWORKS_FOLDER_PATH}/FoldingCell.framework",
				"${TARGET_BUILD_DIR}/${FRAMEWORKS_FOLDER_PATH}/IQKeyboardManagerSwift.framework",
				"${TARGET_BUILD_DIR}/${FRAMEWORKS_FOLDER_PATH}/ImagePicker.framework",
				"${TARGET_BUILD_DIR}/${FRAMEWORKS_FOLDER_PATH}/Instructions.framework",
				"${TARGET_BUILD_DIR}/${FRAMEWORKS_FOLDER_PATH}/KeychainAccess.framework",
				"${TARGET_BUILD_DIR}/${FRAMEWORKS_FOLDER_PATH}/Kingfisher.framework",
				"${TARGET_BUILD_DIR}/${FRAMEWORKS_FOLDER_PATH}/LTMorphingLabel.framework",
				"${TARGET_BUILD_DIR}/${FRAMEWORKS_FOLDER_PATH}/Material.framework",
				"${TARGET_BUILD_DIR}/${FRAMEWORKS_FOLDER_PATH}/Motion.framework",
				"${TARGET_BUILD_DIR}/${FRAMEWORKS_FOLDER_PATH}/Moya.framework",
				"${TARGET_BUILD_DIR}/${FRAMEWORKS_FOLDER_PATH}/NVActivityIndicatorView.framework",
				"${TARGET_BUILD_DIR}/${FRAMEWORKS_FOLDER_PATH}/Player.framework",
				"${TARGET_BUILD_DIR}/${FRAMEWORKS_FOLDER_PATH}/PromiseKit.framework",
				"${TARGET_BUILD_DIR}/${FRAMEWORKS_FOLDER_PATH}/QuickLayout.framework",
				"${TARGET_BUILD_DIR}/${FRAMEWORKS_FOLDER_PATH}/Rswift.framework",
				"${TARGET_BUILD_DIR}/${FRAMEWORKS_FOLDER_PATH}/RAMAnimatedTabBarController.framework",
				"${TARGET_BUILD_DIR}/${FRAMEWORKS_FOLDER_PATH}/Reachability.framework",
				"${TARGET_BUILD_DIR}/${FRAMEWORKS_FOLDER_PATH}/ReactiveCocoa.framework",
				"${TARGET_BUILD_DIR}/${FRAMEWORKS_FOLDER_PATH}/ReactiveSwift.framework",
				"${TARGET_BUILD_DIR}/${FRAMEWORKS_FOLDER_PATH}/Result.framework",
				"${TARGET_BUILD_DIR}/${FRAMEWORKS_FOLDER_PATH}/RxCocoa.framework",
				"${TARGET_BUILD_DIR}/${FRAMEWORKS_FOLDER_PATH}/RxSwift.framework",
				"${TARGET_BUILD_DIR}/${FRAMEWORKS_FOLDER_PATH}/SQLite.framework",
				"${TARGET_BUILD_DIR}/${FRAMEWORKS_FOLDER_PATH}/SkeletonView.framework",
				"${TARGET_BUILD_DIR}/${FRAMEWORKS_FOLDER_PATH}/SnapKit.framework",
				"${TARGET_BUILD_DIR}/${FRAMEWORKS_FOLDER_PATH}/Surge.framework",
				"${TARGET_BUILD_DIR}/${FRAMEWORKS_FOLDER_PATH}/SwiftDate.framework",
				"${TARGET_BUILD_DIR}/${FRAMEWORKS_FOLDER_PATH}/SwiftEntryKit.framework",
				"${TARGET_BUILD_DIR}/${FRAMEWORKS_FOLDER_PATH}/SwiftMessages.framework",
				"${TARGET_BUILD_DIR}/${FRAMEWORKS_FOLDER_PATH}/SwiftyJSON.framework",
				"${TARGET_BUILD_DIR}/${FRAMEWORKS_FOLDER_PATH}/SwiftyStoreKit.framework",
				"${TARGET_BUILD_DIR}/${FRAMEWORKS_FOLDER_PATH}/SwiftyUserDefaults.framework",
				"${TARGET_BUILD_DIR}/${FRAMEWORKS_FOLDER_PATH}/SwipeCellKit.framework",
				"${TARGET_BUILD_DIR}/${FRAMEWORKS_FOLDER_PATH}/Then.framework",
				"${TARGET_BUILD_DIR}/${FRAMEWORKS_FOLDER_PATH}/ViewAnimator.framework",
				"${TARGET_BUILD_DIR}/${FRAMEWORKS_FOLDER_PATH}/Whisper.framework",
				"${TARGET_BUILD_DIR}/${FRAMEWORKS_FOLDER_PATH}/XLPagerTabStrip.framework",
				"${TARGET_BUILD_DIR}/${FRAMEWORKS_FOLDER_PATH}/expanding_collection.framework",
			);
			runOnlyForDeploymentPostprocessing = 0;
			shellPath = /bin/sh;
			shellScript = "\"${PODS_ROOT}/Target Support Files/Pods-KKProject_Swift/Pods-KKProject_Swift-frameworks.sh\"\n";
			showEnvVarsInLog = 0;
		};
		9F3C9CE8B089A85CF7DA85A9 /* [CP] Check Pods Manifest.lock */ = {
			isa = PBXShellScriptBuildPhase;
			buildActionMask = 2147483647;
			files = (
			);
			inputPaths = (
				"${PODS_PODFILE_DIR_PATH}/Podfile.lock",
				"${PODS_ROOT}/Manifest.lock",
			);
			name = "[CP] Check Pods Manifest.lock";
			outputPaths = (
				"$(DERIVED_FILE_DIR)/Pods-KKProject-checkManifestLockResult.txt",
			);
			runOnlyForDeploymentPostprocessing = 0;
			shellPath = /bin/sh;
			shellScript = "diff \"${PODS_PODFILE_DIR_PATH}/Podfile.lock\" \"${PODS_ROOT}/Manifest.lock\" > /dev/null\nif [ $? != 0 ] ; then\n    # print error to STDERR\n    echo \"error: The sandbox is not in sync with the Podfile.lock. Run 'pod install' or update your CocoaPods installation.\" >&2\n    exit 1\nfi\n# This output is used by Xcode 'outputs' to avoid re-running this script phase.\necho \"SUCCESS\" > \"${SCRIPT_OUTPUT_FILE_0}\"\n";
			showEnvVarsInLog = 0;
		};
		F4E05E5627DC31968BA1096B /* [CP] Copy Pods Resources */ = {
			isa = PBXShellScriptBuildPhase;
			buildActionMask = 2147483647;
			files = (
			);
			inputFileListPaths = (
			);
			inputPaths = (
				"${PODS_ROOT}/Target Support Files/Pods-KKProject_Objc/Pods-KKProject_Objc-resources.sh",
				"${PODS_ROOT}/IQKeyboardManager/IQKeyboardManager/Resources/IQKeyboardManager.bundle",
			);
			name = "[CP] Copy Pods Resources";
			outputFileListPaths = (
			);
			outputPaths = (
				"${TARGET_BUILD_DIR}/${UNLOCALIZED_RESOURCES_FOLDER_PATH}/IQKeyboardManager.bundle",
			);
			runOnlyForDeploymentPostprocessing = 0;
			shellPath = /bin/sh;
			shellScript = "\"${PODS_ROOT}/Target Support Files/Pods-KKProject_Objc/Pods-KKProject_Objc-resources.sh\"\n";
			showEnvVarsInLog = 0;
		};
/* End PBXShellScriptBuildPhase section */

/* Begin PBXSourcesBuildPhase section */
		0A6349D72270B08D00C0D0B0 /* Sources */ = {
			isa = PBXSourcesBuildPhase;
			buildActionMask = 2147483647;
			files = (
				0AC12C03227A107200CF94ED /* KKViewModel.m in Sources */,
				0AC12B9F2279FCA700CF94ED /* KKLoginViewController.m in Sources */,
				0AC12C07227A107200CF94ED /* KKCollectionView.m in Sources */,
				0AC12C23227A107200CF94ED /* KKTableView.m in Sources */,
				0AC12B8A2279F1BC00CF94ED /* KKTabBarController.m in Sources */,
				0A6349E32270B08D00C0D0B0 /* ViewController.m in Sources */,
				0AC12C35227A659000CF94ED /* UIScrollView+EmptyDataSet.m in Sources */,
				0AC12C17227A107200CF94ED /* KKPopTransitionAnimation.m in Sources */,
				0AC12BF1227A107200CF94ED /* KKButton.m in Sources */,
				0AC12BF7227A107200CF94ED /* KKView.m in Sources */,
				0AC12BEF227A107200CF94ED /* KKTextField.m in Sources */,
				0AC12B9B2279FAE400CF94ED /* KKErrorHelper.m in Sources */,
				0AC12B882279F1BC00CF94ED /* KKHomeViewController.m in Sources */,
				0AC12C2C227A13ED00CF94ED /* UIView+KKPlaceHolder.m in Sources */,
				0AC12B8E2279F1BC00CF94ED /* KKLanuchViewController.m in Sources */,
				0AC12BF9227A107200CF94ED /* KKModel.m in Sources */,
				0AC12C09227A107200CF94ED /* KKTableViewCell.m in Sources */,
				0AC12BF3227A107200CF94ED /* KKTableViewHeaderFooterView.m in Sources */,
				0AC12C05227A107200CF94ED /* KKLabel.m in Sources */,
				0AC12B8C2279F1BC00CF94ED /* KKProfileViewController.m in Sources */,
				0AC12C0F227A107200CF94ED /* UINavigationItem+KKNavigationBar.m in Sources */,
				0AC12C01227A107200CF94ED /* KKCollectionReusableView.m in Sources */,
				0AC12C21227A107200CF94ED /* KKNavigationBar.m in Sources */,
				0AC12BA5227A029300CF94ED /* KKAccountHelper.m in Sources */,
				0AC12C1B227A107200CF94ED /* KKViewController.m in Sources */,
				0AC12C15227A107200CF94ED /* KKPushPopTransitionProtocol.m in Sources */,
				0AC12C28227A126100CF94ED /* YYTextLinePositionModifier.m in Sources */,
				0AC12C0D227A107200CF94ED /* UINavigationController+KKNavigationBar.m in Sources */,
				0AC12C13227A107200CF94ED /* UIBarButtonItem+KKNavigationBar.m in Sources */,
				0AC12BF5227A107200CF94ED /* KKCollectionViewCell.m in Sources */,
				0AC12B6D2279EE5900CF94ED /* UITextField+KKEasyReact.m in Sources */,
				0A6349EE2270B08E00C0D0B0 /* main.m in Sources */,
				0AC12C11227A107200CF94ED /* UIViewController+KKNavigationBar.m in Sources */,
				0AC12C0B227A107200CF94ED /* UIScrollView+KKNavigationBar.m in Sources */,
				0AC12BFF227A107200CF94ED /* KKUIKit.m in Sources */,
				0A6349E02270B08D00C0D0B0 /* AppDelegate.m in Sources */,
				0AC12BFD227A107200CF94ED /* KKLayout.m in Sources */,
				0AC12C1D227A107200CF94ED /* KKNavigationBarHelper.m in Sources */,
				0AC12BFB227A107200CF94ED /* UITabBarController+KKAdd.m in Sources */,
				0AC12C19227A107200CF94ED /* KKPushTransitionAnimation.m in Sources */,
				0AC12C30227A62F300CF94ED /* KKLoadingPlaceHolderView.m in Sources */,
			);
			runOnlyForDeploymentPostprocessing = 0;
		};
		0A634AE82270BD1900C0D0B0 /* Sources */ = {
			isa = PBXSourcesBuildPhase;
			buildActionMask = 2147483647;
			files = (
				0A634AF12270BD1900C0D0B0 /* ViewController.swift in Sources */,
				0A634AEF2270BD1900C0D0B0 /* AppDelegate.swift in Sources */,
				0ABB2611227755CD00397661 /* KKBaseViewController.swift in Sources */,
				0ABB26132277560400397661 /* KKHomeViewController.swift in Sources */,
				0ABB26152277565800397661 /* KKTabBarController.swift in Sources */,
			);
			runOnlyForDeploymentPostprocessing = 0;
		};
		0A634B1B2270BE2A00C0D0B0 /* Sources */ = {
			isa = PBXSourcesBuildPhase;
			buildActionMask = 2147483647;
			files = (
				0AC12BF4227A107200CF94ED /* KKTableViewHeaderFooterView.m in Sources */,
				0AC12C18227A107200CF94ED /* KKPopTransitionAnimation.m in Sources */,
				0AC12B8B2279F1BC00CF94ED /* KKTabBarController.m in Sources */,
				0AC12C0C227A107200CF94ED /* UIScrollView+KKNavigationBar.m in Sources */,
				0A634B1C2270BE2A00C0D0B0 /* ViewController.m in Sources */,
				0AC12C1E227A107200CF94ED /* KKNavigationBarHelper.m in Sources */,
				0AC12B8F2279F1BC00CF94ED /* KKLanuchViewController.m in Sources */,
				0A634B1D2270BE2A00C0D0B0 /* main.m in Sources */,
				0AC12C29227A126100CF94ED /* YYTextLinePositionModifier.m in Sources */,
				0AC12C0A227A107200CF94ED /* KKTableViewCell.m in Sources */,
				0AC12C24227A107200CF94ED /* KKTableView.m in Sources */,
				0A634B1E2270BE2A00C0D0B0 /* AppDelegate.m in Sources */,
				0AC12C16227A107200CF94ED /* KKPushPopTransitionProtocol.m in Sources */,
				0AC12C22227A107200CF94ED /* KKNavigationBar.m in Sources */,
				0AC12C36227A659000CF94ED /* UIScrollView+EmptyDataSet.m in Sources */,
				0AC12B8D2279F1BC00CF94ED /* KKProfileViewController.m in Sources */,
				0AC12B9C2279FAE400CF94ED /* KKErrorHelper.m in Sources */,
				0AC12BF0227A107200CF94ED /* KKTextField.m in Sources */,
				0AC12B892279F1BC00CF94ED /* KKHomeViewController.m in Sources */,
				0AC12C06227A107200CF94ED /* KKLabel.m in Sources */,
				0AC12BA02279FCA700CF94ED /* KKLoginViewController.m in Sources */,
				0AC12BFA227A107200CF94ED /* KKModel.m in Sources */,
				0AC12C10227A107200CF94ED /* UINavigationItem+KKNavigationBar.m in Sources */,
				0AC12C12227A107200CF94ED /* UIViewController+KKNavigationBar.m in Sources */,
				0AC12BA6227A029300CF94ED /* KKAccountHelper.m in Sources */,
				0AC12C02227A107200CF94ED /* KKCollectionReusableView.m in Sources */,
				0AC12C08227A107200CF94ED /* KKCollectionView.m in Sources */,
				0AC12C00227A107200CF94ED /* KKUIKit.m in Sources */,
				0AC12C1A227A107200CF94ED /* KKPushTransitionAnimation.m in Sources */,
				0AC12C14227A107200CF94ED /* UIBarButtonItem+KKNavigationBar.m in Sources */,
				0AC12BF6227A107200CF94ED /* KKCollectionViewCell.m in Sources */,
				0AC12BFC227A107200CF94ED /* UITabBarController+KKAdd.m in Sources */,
				0AC12BF2227A107200CF94ED /* KKButton.m in Sources */,
				0AC12C31227A62F300CF94ED /* KKLoadingPlaceHolderView.m in Sources */,
				0AC12C2D227A13ED00CF94ED /* UIView+KKPlaceHolder.m in Sources */,
				0AC12BF8227A107200CF94ED /* KKView.m in Sources */,
				0AC12C0E227A107200CF94ED /* UINavigationController+KKNavigationBar.m in Sources */,
				0AC12C1C227A107200CF94ED /* KKViewController.m in Sources */,
				0AC12C04227A107200CF94ED /* KKViewModel.m in Sources */,
				0AC12BFE227A107200CF94ED /* KKLayout.m in Sources */,
			);
			runOnlyForDeploymentPostprocessing = 0;
		};
/* End PBXSourcesBuildPhase section */

/* Begin PBXVariantGroup section */
		0A6349E42270B08D00C0D0B0 /* Main.storyboard */ = {
			isa = PBXVariantGroup;
			children = (
				0A6349E52270B08D00C0D0B0 /* Base */,
				9347CF5922783F3500BC7AAC /* zh-Hans */,
			);
			name = Main.storyboard;
			sourceTree = "<group>";
		};
		0A6349E92270B08E00C0D0B0 /* LaunchScreen.storyboard */ = {
			isa = PBXVariantGroup;
			children = (
				0A6349EA2270B08E00C0D0B0 /* Base */,
				9347CF5A22783F3600BC7AAC /* zh-Hans */,
			);
			name = LaunchScreen.storyboard;
			sourceTree = "<group>";
		};
		0A634AF22270BD1900C0D0B0 /* Main.storyboard */ = {
			isa = PBXVariantGroup;
			children = (
				0A634AF32270BD1900C0D0B0 /* Base */,
				9347CF5B22783F3700BC7AAC /* zh-Hans */,
			);
			name = Main.storyboard;
			sourceTree = "<group>";
		};
		0A634AF72270BD1A00C0D0B0 /* LaunchScreen.storyboard */ = {
			isa = PBXVariantGroup;
			children = (
				0A634AF82270BD1A00C0D0B0 /* Base */,
				9347CF5C22783F3700BC7AAC /* zh-Hans */,
			);
			name = LaunchScreen.storyboard;
			sourceTree = "<group>";
		};
		9347CF64227842AC00BC7AAC /* Info.plist */ = {
			isa = PBXVariantGroup;
			children = (
				9347CF63227842AC00BC7AAC /* Base */,
			);
			name = Info.plist;
			sourceTree = "<group>";
		};
		9347CF6A2278430400BC7AAC /* InfoPlist.strings */ = {
			isa = PBXVariantGroup;
			children = (
				9347CF692278430400BC7AAC /* en */,
				9347CF6B2278430A00BC7AAC /* zh-Hans */,
			);
			name = InfoPlist.strings;
			sourceTree = "<group>";
		};
		9347CF702278482100BC7AAC /* KKProject-Objc-InfoPlist.strings */ = {
			isa = PBXVariantGroup;
			children = (
				9347CF6F2278482100BC7AAC /* en */,
				9347CF712278482200BC7AAC /* zh-Hans */,
			);
			name = "KKProject-Objc-InfoPlist.strings";
			sourceTree = "<group>";
		};
/* End PBXVariantGroup section */

/* Begin XCBuildConfiguration section */
		0A634A052270B08E00C0D0B0 /* Debug */ = {
			isa = XCBuildConfiguration;
			buildSettings = {
				ALWAYS_SEARCH_USER_PATHS = NO;
				CLANG_ANALYZER_LOCALIZABILITY_NONLOCALIZED = YES;
				CLANG_ANALYZER_NONNULL = YES;
				CLANG_ANALYZER_NUMBER_OBJECT_CONVERSION = YES_AGGRESSIVE;
				CLANG_CXX_LANGUAGE_STANDARD = "gnu++14";
				CLANG_CXX_LIBRARY = "libc++";
				CLANG_ENABLE_MODULES = YES;
				CLANG_ENABLE_OBJC_ARC = YES;
				CLANG_ENABLE_OBJC_WEAK = YES;
				CLANG_WARN_BLOCK_CAPTURE_AUTORELEASING = YES;
				CLANG_WARN_BOOL_CONVERSION = YES;
				CLANG_WARN_COMMA = YES;
				CLANG_WARN_CONSTANT_CONVERSION = YES;
				CLANG_WARN_DEPRECATED_OBJC_IMPLEMENTATIONS = YES;
				CLANG_WARN_DIRECT_OBJC_ISA_USAGE = YES_ERROR;
				CLANG_WARN_DOCUMENTATION_COMMENTS = YES;
				CLANG_WARN_EMPTY_BODY = YES;
				CLANG_WARN_ENUM_CONVERSION = YES;
				CLANG_WARN_INFINITE_RECURSION = YES;
				CLANG_WARN_INT_CONVERSION = YES;
				CLANG_WARN_NON_LITERAL_NULL_CONVERSION = YES;
				CLANG_WARN_OBJC_IMPLICIT_RETAIN_SELF = YES;
				CLANG_WARN_OBJC_LITERAL_CONVERSION = YES;
				CLANG_WARN_OBJC_ROOT_CLASS = YES_ERROR;
				CLANG_WARN_RANGE_LOOP_ANALYSIS = YES;
				CLANG_WARN_STRICT_PROTOTYPES = YES;
				CLANG_WARN_SUSPICIOUS_MOVE = YES;
				CLANG_WARN_UNGUARDED_AVAILABILITY = YES_AGGRESSIVE;
				CLANG_WARN_UNREACHABLE_CODE = YES;
				CLANG_WARN__DUPLICATE_METHOD_MATCH = YES;
				CODE_SIGN_IDENTITY = "iPhone Developer";
				COPY_PHASE_STRIP = NO;
				DEBUG_INFORMATION_FORMAT = dwarf;
				ENABLE_STRICT_OBJC_MSGSEND = YES;
				ENABLE_TESTABILITY = YES;
				GCC_C_LANGUAGE_STANDARD = gnu11;
				GCC_DYNAMIC_NO_PIC = NO;
				GCC_NO_COMMON_BLOCKS = YES;
				GCC_OPTIMIZATION_LEVEL = 0;
				GCC_PREPROCESSOR_DEFINITIONS = (
					"DEBUG=1",
					"$(inherited)",
				);
				GCC_WARN_64_TO_32_BIT_CONVERSION = YES;
				GCC_WARN_ABOUT_RETURN_TYPE = YES_ERROR;
				GCC_WARN_UNDECLARED_SELECTOR = YES;
				GCC_WARN_UNINITIALIZED_AUTOS = YES_AGGRESSIVE;
				GCC_WARN_UNUSED_FUNCTION = YES;
				GCC_WARN_UNUSED_VARIABLE = YES;
				IPHONEOS_DEPLOYMENT_TARGET = 9.0;
				MTL_ENABLE_DEBUG_INFO = INCLUDE_SOURCE;
				MTL_FAST_MATH = YES;
				ONLY_ACTIVE_ARCH = YES;
				SDKROOT = iphoneos;
			};
			name = Debug;
		};
		0A634A062270B08E00C0D0B0 /* Release */ = {
			isa = XCBuildConfiguration;
			buildSettings = {
				ALWAYS_SEARCH_USER_PATHS = NO;
				CLANG_ANALYZER_LOCALIZABILITY_NONLOCALIZED = YES;
				CLANG_ANALYZER_NONNULL = YES;
				CLANG_ANALYZER_NUMBER_OBJECT_CONVERSION = YES_AGGRESSIVE;
				CLANG_CXX_LANGUAGE_STANDARD = "gnu++14";
				CLANG_CXX_LIBRARY = "libc++";
				CLANG_ENABLE_MODULES = YES;
				CLANG_ENABLE_OBJC_ARC = YES;
				CLANG_ENABLE_OBJC_WEAK = YES;
				CLANG_WARN_BLOCK_CAPTURE_AUTORELEASING = YES;
				CLANG_WARN_BOOL_CONVERSION = YES;
				CLANG_WARN_COMMA = YES;
				CLANG_WARN_CONSTANT_CONVERSION = YES;
				CLANG_WARN_DEPRECATED_OBJC_IMPLEMENTATIONS = YES;
				CLANG_WARN_DIRECT_OBJC_ISA_USAGE = YES_ERROR;
				CLANG_WARN_DOCUMENTATION_COMMENTS = YES;
				CLANG_WARN_EMPTY_BODY = YES;
				CLANG_WARN_ENUM_CONVERSION = YES;
				CLANG_WARN_INFINITE_RECURSION = YES;
				CLANG_WARN_INT_CONVERSION = YES;
				CLANG_WARN_NON_LITERAL_NULL_CONVERSION = YES;
				CLANG_WARN_OBJC_IMPLICIT_RETAIN_SELF = YES;
				CLANG_WARN_OBJC_LITERAL_CONVERSION = YES;
				CLANG_WARN_OBJC_ROOT_CLASS = YES_ERROR;
				CLANG_WARN_RANGE_LOOP_ANALYSIS = YES;
				CLANG_WARN_STRICT_PROTOTYPES = YES;
				CLANG_WARN_SUSPICIOUS_MOVE = YES;
				CLANG_WARN_UNGUARDED_AVAILABILITY = YES_AGGRESSIVE;
				CLANG_WARN_UNREACHABLE_CODE = YES;
				CLANG_WARN__DUPLICATE_METHOD_MATCH = YES;
				CODE_SIGN_IDENTITY = "iPhone Developer";
				COPY_PHASE_STRIP = NO;
				DEBUG_INFORMATION_FORMAT = "dwarf-with-dsym";
				ENABLE_NS_ASSERTIONS = NO;
				ENABLE_STRICT_OBJC_MSGSEND = YES;
				GCC_C_LANGUAGE_STANDARD = gnu11;
				GCC_NO_COMMON_BLOCKS = YES;
				GCC_WARN_64_TO_32_BIT_CONVERSION = YES;
				GCC_WARN_ABOUT_RETURN_TYPE = YES_ERROR;
				GCC_WARN_UNDECLARED_SELECTOR = YES;
				GCC_WARN_UNINITIALIZED_AUTOS = YES_AGGRESSIVE;
				GCC_WARN_UNUSED_FUNCTION = YES;
				GCC_WARN_UNUSED_VARIABLE = YES;
				IPHONEOS_DEPLOYMENT_TARGET = 9.0;
				MTL_ENABLE_DEBUG_INFO = NO;
				MTL_FAST_MATH = YES;
				SDKROOT = iphoneos;
				SWIFT_COMPILATION_MODE = wholemodule;
				VALIDATE_PRODUCT = YES;
			};
			name = Release;
		};
		0A634A082270B08E00C0D0B0 /* Debug */ = {
			isa = XCBuildConfiguration;
			baseConfigurationReference = 317D961BA2DD2BFB51EE381D /* Pods-KKProject.debug.xcconfig */;
			buildSettings = {
				ASSETCATALOG_COMPILER_APPICON_NAME = AppIcon;
				ASSETCATALOG_COMPILER_LAUNCHIMAGE_NAME = LaunchImage;
				CODE_SIGN_STYLE = Automatic;
				DEVELOPMENT_TEAM = LR3Z96539F;
				GCC_PREFIX_HEADER = "$(SRCROOT)/KKProject/Common/KKProjectMacros.h";
				GCC_PREPROCESSOR_DEFINITIONS_NOT_USED_IN_PRECOMPS = "ENV_CODE=0";
				INFOPLIST_FILE = "$(SRCROOT)/KKProject/SupportFiles/Info.plist";
				IPHONEOS_DEPLOYMENT_TARGET = 9.0;
				LD_RUNPATH_SEARCH_PATHS = (
					"$(inherited)",
					"@executable_path/Frameworks",
				);
				PRODUCT_BUNDLE_IDENTIFIER = com.youbin.KKProject;
				PRODUCT_NAME = "$(TARGET_NAME)";
				TARGETED_DEVICE_FAMILY = 1;
			};
			name = Debug;
		};
		0A634A092270B08E00C0D0B0 /* Release */ = {
			isa = XCBuildConfiguration;
			baseConfigurationReference = 3B3FB8C619DB2DE564EAB42A /* Pods-KKProject.release.xcconfig */;
			buildSettings = {
				ASSETCATALOG_COMPILER_APPICON_NAME = AppIcon;
				ASSETCATALOG_COMPILER_LAUNCHIMAGE_NAME = LaunchImage;
				CODE_SIGN_STYLE = Automatic;
				DEVELOPMENT_TEAM = LR3Z96539F;
				GCC_PREFIX_HEADER = "$(SRCROOT)/KKProject/Common/KKProjectMacros.h";
				GCC_PREPROCESSOR_DEFINITIONS_NOT_USED_IN_PRECOMPS = "ENV_CODE=0";
				INFOPLIST_FILE = "$(SRCROOT)/KKProject/SupportFiles/Info.plist";
				IPHONEOS_DEPLOYMENT_TARGET = 9.0;
				LD_RUNPATH_SEARCH_PATHS = (
					"$(inherited)",
					"@executable_path/Frameworks",
				);
				PRODUCT_BUNDLE_IDENTIFIER = com.youbin.KKProject;
				PRODUCT_NAME = "$(TARGET_NAME)";
				TARGETED_DEVICE_FAMILY = 1;
			};
			name = Release;
		};
		0A634B112270BD1A00C0D0B0 /* Debug */ = {
			isa = XCBuildConfiguration;
			baseConfigurationReference = 204109BCA539723EAC3C4303 /* Pods-KKProject_Swift.debug.xcconfig */;
			buildSettings = {
				ASSETCATALOG_COMPILER_APPICON_NAME = AppIcon;
				CODE_SIGN_STYLE = Automatic;
				DEVELOPMENT_TEAM = LR3Z96539F;
				INFOPLIST_FILE = KKProject_Swift/Info.plist;
				IPHONEOS_DEPLOYMENT_TARGET = 9.0;
				LD_RUNPATH_SEARCH_PATHS = (
					"$(inherited)",
					"@executable_path/Frameworks",
				);
				PRODUCT_BUNDLE_IDENTIFIER = "com.youbin.KKProject-Swift";
				PRODUCT_NAME = "$(TARGET_NAME)";
				SWIFT_ACTIVE_COMPILATION_CONDITIONS = DEBUG;
				SWIFT_OPTIMIZATION_LEVEL = "-Onone";
				SWIFT_VERSION = 5.0;
				TARGETED_DEVICE_FAMILY = 1;
			};
			name = Debug;
		};
		0A634B122270BD1A00C0D0B0 /* Release */ = {
			isa = XCBuildConfiguration;
			baseConfigurationReference = E6EE4928222551FE06A4F32C /* Pods-KKProject_Swift.release.xcconfig */;
			buildSettings = {
				ASSETCATALOG_COMPILER_APPICON_NAME = AppIcon;
				CODE_SIGN_STYLE = Automatic;
				DEVELOPMENT_TEAM = LR3Z96539F;
				INFOPLIST_FILE = KKProject_Swift/Info.plist;
				IPHONEOS_DEPLOYMENT_TARGET = 9.0;
				LD_RUNPATH_SEARCH_PATHS = (
					"$(inherited)",
					"@executable_path/Frameworks",
				);
				PRODUCT_BUNDLE_IDENTIFIER = "com.youbin.KKProject-Swift";
				PRODUCT_NAME = "$(TARGET_NAME)";
				SWIFT_COMPILATION_MODE = wholemodule;
				SWIFT_OPTIMIZATION_LEVEL = "-O";
				SWIFT_VERSION = 5.0;
				TARGETED_DEVICE_FAMILY = 1;
			};
			name = Release;
		};
		0A634B252270BE2A00C0D0B0 /* Debug */ = {
			isa = XCBuildConfiguration;
			baseConfigurationReference = 1B9C241756EEF8F825ECEC9C /* Pods-KKProject_Objc.debug.xcconfig */;
			buildSettings = {
				ASSETCATALOG_COMPILER_APPICON_NAME = AppIcon_Objc;
				ASSETCATALOG_COMPILER_LAUNCHIMAGE_NAME = LaunchImage_Objc;
				CODE_SIGN_STYLE = Automatic;
				DEVELOPMENT_TEAM = LR3Z96539F;
				GCC_PREFIX_HEADER = "$(SRCROOT)/KKProject/Common/KKProjectMacros.h";
				GCC_PREPROCESSOR_DEFINITIONS_NOT_USED_IN_PRECOMPS = "ENV_CODE=1";
				INFOPLIST_FILE = "$(SRCROOT)/KKProject/SupportFiles/KKProject-Objc-Info.plist";
				IPHONEOS_DEPLOYMENT_TARGET = 9.0;
				LD_RUNPATH_SEARCH_PATHS = (
					"$(inherited)",
					"@executable_path/Frameworks",
				);
				PRODUCT_BUNDLE_IDENTIFIER = "com.youbin.KKProject-Objc";
				PRODUCT_NAME = "$(TARGET_NAME)";
				TARGETED_DEVICE_FAMILY = 1;
			};
			name = Debug;
		};
		0A634B262270BE2A00C0D0B0 /* Release */ = {
			isa = XCBuildConfiguration;
			baseConfigurationReference = 5D46E76F1AC1A84F170F9B4C /* Pods-KKProject_Objc.release.xcconfig */;
			buildSettings = {
				ASSETCATALOG_COMPILER_APPICON_NAME = AppIcon_Objc;
				ASSETCATALOG_COMPILER_LAUNCHIMAGE_NAME = LaunchImage_Objc;
				CODE_SIGN_STYLE = Automatic;
				DEVELOPMENT_TEAM = LR3Z96539F;
				GCC_PREFIX_HEADER = "$(SRCROOT)/KKProject/Common/KKProjectMacros.h";
				GCC_PREPROCESSOR_DEFINITIONS_NOT_USED_IN_PRECOMPS = "ENV_CODE=1";
				INFOPLIST_FILE = "$(SRCROOT)/KKProject/SupportFiles/KKProject-Objc-Info.plist";
				IPHONEOS_DEPLOYMENT_TARGET = 9.0;
				LD_RUNPATH_SEARCH_PATHS = (
					"$(inherited)",
					"@executable_path/Frameworks",
				);
				PRODUCT_BUNDLE_IDENTIFIER = "com.youbin.KKProject-Objc";
				PRODUCT_NAME = "$(TARGET_NAME)";
				TARGETED_DEVICE_FAMILY = 1;
			};
			name = Release;
		};
/* End XCBuildConfiguration section */

/* Begin XCConfigurationList section */
		0A6349D62270B08D00C0D0B0 /* Build configuration list for PBXProject "KKProject" */ = {
			isa = XCConfigurationList;
			buildConfigurations = (
				0A634A052270B08E00C0D0B0 /* Debug */,
				0A634A062270B08E00C0D0B0 /* Release */,
			);
			defaultConfigurationIsVisible = 0;
			defaultConfigurationName = Release;
		};
		0A634A072270B08E00C0D0B0 /* Build configuration list for PBXNativeTarget "KKProject" */ = {
			isa = XCConfigurationList;
			buildConfigurations = (
				0A634A082270B08E00C0D0B0 /* Debug */,
				0A634A092270B08E00C0D0B0 /* Release */,
			);
			defaultConfigurationIsVisible = 0;
			defaultConfigurationName = Release;
		};
		0A634B172270BD1A00C0D0B0 /* Build configuration list for PBXNativeTarget "KKProject_Swift" */ = {
			isa = XCConfigurationList;
			buildConfigurations = (
				0A634B112270BD1A00C0D0B0 /* Debug */,
				0A634B122270BD1A00C0D0B0 /* Release */,
			);
			defaultConfigurationIsVisible = 0;
			defaultConfigurationName = Release;
		};
		0A634B242270BE2A00C0D0B0 /* Build configuration list for PBXNativeTarget "KKProject_Objc" */ = {
			isa = XCConfigurationList;
			buildConfigurations = (
				0A634B252270BE2A00C0D0B0 /* Debug */,
				0A634B262270BE2A00C0D0B0 /* Release */,
			);
			defaultConfigurationIsVisible = 0;
			defaultConfigurationName = Release;
		};
/* End XCConfigurationList section */
	};
	rootObject = 0A6349D32270B08D00C0D0B0 /* Project object */;
}
